// !$*UTF8*$!
{
	archiveVersion = 1;
	classes = {
	};
	objectVersion = 46;
	objects = {

/* Begin PBXBuildFile section */
		F503E9CC1D051A7B001CB721 /* NetWork+BodyAndCookie.m in Sources */ = {isa = PBXBuildFile; fileRef = F503E9CB1D051A7B001CB721 /* NetWork+BodyAndCookie.m */; };
		F5244EA01D0CEF0A0028B427 /* UITabBar+badge.m in Sources */ = {isa = PBXBuildFile; fileRef = F5244E9F1D0CEF0A0028B427 /* UITabBar+badge.m */; };
		F55555E41D0F9671009D5527 /* PersonalCollectionViewCell.m in Sources */ = {isa = PBXBuildFile; fileRef = F55555DE1D0F9671009D5527 /* PersonalCollectionViewCell.m */; };
		F55555E51D0F9671009D5527 /* PersonalCollectionViewCell.xib in Resources */ = {isa = PBXBuildFile; fileRef = F55555DF1D0F9671009D5527 /* PersonalCollectionViewCell.xib */; };
		F55555E61D0F9671009D5527 /* PersonalHeadCollectionReusableView.m in Sources */ = {isa = PBXBuildFile; fileRef = F55555E21D0F9671009D5527 /* PersonalHeadCollectionReusableView.m */; };
		F55555E71D0F9671009D5527 /* PersonalHeadCollectionReusableView.xib in Resources */ = {isa = PBXBuildFile; fileRef = F55555E31D0F9671009D5527 /* PersonalHeadCollectionReusableView.xib */; };
		F55555EB1D0F9697009D5527 /* PersonalViewController.m in Sources */ = {isa = PBXBuildFile; fileRef = F55555EA1D0F9697009D5527 /* PersonalViewController.m */; };
		F55555EF1D0F96DB009D5527 /* FoundViewController.m in Sources */ = {isa = PBXBuildFile; fileRef = F55555EE1D0F96DB009D5527 /* FoundViewController.m */; };
		F55555F31D0F9707009D5527 /* ShoppingViewController.m in Sources */ = {isa = PBXBuildFile; fileRef = F55555F21D0F9707009D5527 /* ShoppingViewController.m */; };
		F55555F71D0F9BBC009D5527 /* HomeViewController.m in Sources */ = {isa = PBXBuildFile; fileRef = F55555F61D0F9BBC009D5527 /* HomeViewController.m */; };
		F5737D3A1D02EBC10004168F /* HometableHeadView.xib in Resources */ = {isa = PBXBuildFile; fileRef = F5737D391D02EBC10004168F /* HometableHeadView.xib */; };
		F5935DCA1D011B39008622D4 /* BaseViewController.m in Sources */ = {isa = PBXBuildFile; fileRef = F5935DC81D011B39008622D4 /* BaseViewController.m */; };
		F5935DCD1D011B50008622D4 /* BaseView.m in Sources */ = {isa = PBXBuildFile; fileRef = F5935DCC1D011B50008622D4 /* BaseView.m */; };
		F5935DD81D011EC0008622D4 /* Home.storyboard in Resources */ = {isa = PBXBuildFile; fileRef = F5935DD61D011EC0008622D4 /* Home.storyboard */; };
		F5935DDD1D011EF5008622D4 /* LaunchScreen.storyboard in Resources */ = {isa = PBXBuildFile; fileRef = F5935DD91D011EF5008622D4 /* LaunchScreen.storyboard */; };
		F5935DE11D011F0B008622D4 /* Personal.storyboard in Resources */ = {isa = PBXBuildFile; fileRef = F5935DDF1D011F0B008622D4 /* Personal.storyboard */; };
		F5935DE41D011F2D008622D4 /* ShoppingCart.storyboard in Resources */ = {isa = PBXBuildFile; fileRef = F5935DE21D011F2D008622D4 /* ShoppingCart.storyboard */; };
		F5935DF21D0125BB008622D4 /* Login.storyboard in Resources */ = {isa = PBXBuildFile; fileRef = F5935DF01D0125BB008622D4 /* Login.storyboard */; };
		F5935E071D013005008622D4 /* HUDManager.m in Sources */ = {isa = PBXBuildFile; fileRef = F5935E061D013005008622D4 /* HUDManager.m */; };
		F5935E0C1D0130E8008622D4 /* NetWorkType.m in Sources */ = {isa = PBXBuildFile; fileRef = F5935E0B1D0130E8008622D4 /* NetWorkType.m */; };
		F5935E2B1D0151E8008622D4 /* Found.storyboard in Resources */ = {isa = PBXBuildFile; fileRef = F5935E291D0151E8008622D4 /* Found.storyboard */; };
		F5935E2E1D015206008622D4 /* Classification.storyboard in Resources */ = {isa = PBXBuildFile; fileRef = F5935E2C1D015206008622D4 /* Classification.storyboard */; };
		F5935E341D015F06008622D4 /* UIImagePickerController+PublishMethods.m in Sources */ = {isa = PBXBuildFile; fileRef = F5935E331D015F06008622D4 /* UIImagePickerController+PublishMethods.m */; };
		F5935E371D0161E8008622D4 /* NSString+Validation.m in Sources */ = {isa = PBXBuildFile; fileRef = F5935E361D0161E8008622D4 /* NSString+Validation.m */; };
		F5935E3A1D016371008622D4 /* NSString+Calculate.m in Sources */ = {isa = PBXBuildFile; fileRef = F5935E391D016371008622D4 /* NSString+Calculate.m */; };
		F5935E411D0165AE008622D4 /* AppDelegate.m in Sources */ = {isa = PBXBuildFile; fileRef = F5935E3E1D0165AE008622D4 /* AppDelegate.m */; };
		F5935E421D0165AE008622D4 /* AppDelegate+PrivateMethods.m in Sources */ = {isa = PBXBuildFile; fileRef = F5935E401D0165AE008622D4 /* AppDelegate+PrivateMethods.m */; };
		F5935E571D028B0D008622D4 /* NetWork.m in Sources */ = {isa = PBXBuildFile; fileRef = F5935E561D028B0D008622D4 /* NetWork.m */; };
		F5B2A79D1D0D499600479C1F /* SubLBXScanViewController.m in Sources */ = {isa = PBXBuildFile; fileRef = F5B2A79C1D0D499600479C1F /* SubLBXScanViewController.m */; };
		F5B2A7A11D0D4D2900479C1F /* ScanResultViewController.m in Sources */ = {isa = PBXBuildFile; fileRef = F5B2A79F1D0D4D2900479C1F /* ScanResultViewController.m */; };
		F5B2A7A21D0D4D2900479C1F /* ScanResultViewController.xib in Resources */ = {isa = PBXBuildFile; fileRef = F5B2A7A01D0D4D2900479C1F /* ScanResultViewController.xib */; };
		F5B2A7A41D0D4D8000479C1F /* CodeScan.bundle in Resources */ = {isa = PBXBuildFile; fileRef = F5B2A7A31D0D4D8000479C1F /* CodeScan.bundle */; };
		F5B2A7A71D0D4EBF00479C1F /* LBXScanVideoZoomView.m in Sources */ = {isa = PBXBuildFile; fileRef = F5B2A7A61D0D4EBF00479C1F /* LBXScanVideoZoomView.m */; };
		F5B2A7B71D0D67EB00479C1F /* SearchViewController.m in Sources */ = {isa = PBXBuildFile; fileRef = F5B2A7B11D0D67EB00479C1F /* SearchViewController.m */; };
		F5B2A7B81D0D67EB00479C1F /* SearchViewController.xib in Resources */ = {isa = PBXBuildFile; fileRef = F5B2A7B21D0D67EB00479C1F /* SearchViewController.xib */; };
		F5B2A7B91D0D67EB00479C1F /* SearchTableViewCell.m in Sources */ = {isa = PBXBuildFile; fileRef = F5B2A7B51D0D67EB00479C1F /* SearchTableViewCell.m */; };
		F5B2A7BA1D0D67EB00479C1F /* SearchTableViewCell.xib in Resources */ = {isa = PBXBuildFile; fileRef = F5B2A7B61D0D67EB00479C1F /* SearchTableViewCell.xib */; };
		F5B879971D06D61C000798E0 /* ShoppingCartTableViewCell.m in Sources */ = {isa = PBXBuildFile; fileRef = F5B879951D06D61C000798E0 /* ShoppingCartTableViewCell.m */; };
		F5B879981D06D61C000798E0 /* ShoppingCartTableViewCell.xib in Resources */ = {isa = PBXBuildFile; fileRef = F5B879961D06D61C000798E0 /* ShoppingCartTableViewCell.xib */; };
		F5B8799C1D06D68E000798E0 /* ShoppingButtonView.m in Sources */ = {isa = PBXBuildFile; fileRef = F5B8799B1D06D68E000798E0 /* ShoppingButtonView.m */; };
		F5B8799E1D06D6A3000798E0 /* ShoppingButtonView.xib in Resources */ = {isa = PBXBuildFile; fileRef = F5B8799D1D06D6A3000798E0 /* ShoppingButtonView.xib */; };
		F5B879A21D07C186000798E0 /* ShoppingModel.m in Sources */ = {isa = PBXBuildFile; fileRef = F5B879A11D07C186000798E0 /* ShoppingModel.m */; };
		F5B879A71D07C3EE000798E0 /* GoodsDetialViewController.m in Sources */ = {isa = PBXBuildFile; fileRef = F5B879A51D07C3EE000798E0 /* GoodsDetialViewController.m */; };
		F5B879A81D07C3EE000798E0 /* GoodsDetialViewController.xib in Resources */ = {isa = PBXBuildFile; fileRef = F5B879A61D07C3EE000798E0 /* GoodsDetialViewController.xib */; };
		F5B879AB1D07C75D000798E0 /* BaseModel.m in Sources */ = {isa = PBXBuildFile; fileRef = F5B879AA1D07C75D000798E0 /* BaseModel.m */; };
		F5B879AF1D0807E7000798E0 /* ButtonView.m in Sources */ = {isa = PBXBuildFile; fileRef = F5B879AE1D0807E7000798E0 /* ButtonView.m */; };
		F5B879B11D080802000798E0 /* ButtonView.xib in Resources */ = {isa = PBXBuildFile; fileRef = F5B879B01D080802000798E0 /* ButtonView.xib */; };
		F5CAD1571D0112BF00E7E482 /* main.m in Sources */ = {isa = PBXBuildFile; fileRef = F5CAD1561D0112BF00E7E482 /* main.m */; };
		F5CAD1621D0112BF00E7E482 /* Assets.xcassets in Resources */ = {isa = PBXBuildFile; fileRef = F5CAD1611D0112BF00E7E482 /* Assets.xcassets */; };
		F5DB3D4B1D02B0CC001A64D0 /* LoginViewController.m in Sources */ = {isa = PBXBuildFile; fileRef = F5DB3D4A1D02B0CC001A64D0 /* LoginViewController.m */; };
		F5DB3D4F1D02B23A001A64D0 /* RegisterViewController.m in Sources */ = {isa = PBXBuildFile; fileRef = F5DB3D4E1D02B23A001A64D0 /* RegisterViewController.m */; };
		F5DB3D5B1D02B633001A64D0 /* ClassificationViewController.m in Sources */ = {isa = PBXBuildFile; fileRef = F5DB3D571D02B633001A64D0 /* ClassificationViewController.m */; };
		F5E070991D02DED5006D467A /* HomeTableViewCell.m in Sources */ = {isa = PBXBuildFile; fileRef = F5E070941D02DED5006D467A /* HomeTableViewCell.m */; };
		F5E0709A1D02DED5006D467A /* HomeTableViewCell.xib in Resources */ = {isa = PBXBuildFile; fileRef = F5E070951D02DED5006D467A /* HomeTableViewCell.xib */; };
		F5E0709B1D02DED5006D467A /* HometableHeadView.m in Sources */ = {isa = PBXBuildFile; fileRef = F5E070981D02DED5006D467A /* HometableHeadView.m */; };
		F5E6999F1D054994007F0298 /* ClassificationTitleView.m in Sources */ = {isa = PBXBuildFile; fileRef = F5E6999E1D054994007F0298 /* ClassificationTitleView.m */; };
		F5E699A11D0549AB007F0298 /* ClassificationTitleView.xib in Resources */ = {isa = PBXBuildFile; fileRef = F5E699A01D0549AB007F0298 /* ClassificationTitleView.xib */; };
		F5E699A31D054F77007F0298 /* BaseView.xib in Resources */ = {isa = PBXBuildFile; fileRef = F5E699A21D054F77007F0298 /* BaseView.xib */; };
		F5E699AA1D055AB8007F0298 /* ShopPingCart.m in Sources */ = {isa = PBXBuildFile; fileRef = F5E699A71D055AB8007F0298 /* ShopPingCart.m */; };
		F5E699B81D056ED7007F0298 /* UINavigationBar+Awesome.m in Sources */ = {isa = PBXBuildFile; fileRef = F5E699B71D056ED7007F0298 /* UINavigationBar+Awesome.m */; };
		F5FA47EE1D03E01D0083D5FE /* ClassficationDetailCollectionViewCell.m in Sources */ = {isa = PBXBuildFile; fileRef = F5FA47E01D03E01D0083D5FE /* ClassficationDetailCollectionViewCell.m */; };
		F5FA47EF1D03E01D0083D5FE /* ClassficationDetailCollectionViewCell.xib in Resources */ = {isa = PBXBuildFile; fileRef = F5FA47E11D03E01D0083D5FE /* ClassficationDetailCollectionViewCell.xib */; };
		F5FA47F01D03E01D0083D5FE /* ClassficationHeadCollectionReusableView.m in Sources */ = {isa = PBXBuildFile; fileRef = F5FA47E41D03E01D0083D5FE /* ClassficationHeadCollectionReusableView.m */; };
		F5FA47F11D03E01D0083D5FE /* ClassficationHeadCollectionReusableView.xib in Resources */ = {isa = PBXBuildFile; fileRef = F5FA47E51D03E01D0083D5FE /* ClassficationHeadCollectionReusableView.xib */; };
		F5FA47F21D03E01D0083D5FE /* ClassfiactionHeadTypeImageCollectionReusableView.m in Sources */ = {isa = PBXBuildFile; fileRef = F5FA47E81D03E01D0083D5FE /* ClassfiactionHeadTypeImageCollectionReusableView.m */; };
		F5FA47F31D03E01D0083D5FE /* ClassfiactionHeadTypeImageCollectionReusableView.xib in Resources */ = {isa = PBXBuildFile; fileRef = F5FA47E91D03E01D0083D5FE /* ClassfiactionHeadTypeImageCollectionReusableView.xib */; };
		F5FA47F41D03E01D0083D5FE /* ClassficationMenuTableViewCell.m in Sources */ = {isa = PBXBuildFile; fileRef = F5FA47EC1D03E01D0083D5FE /* ClassficationMenuTableViewCell.m */; };
		F5FA47F51D03E01D0083D5FE /* ClassficationMenuTableViewCell.xib in Resources */ = {isa = PBXBuildFile; fileRef = F5FA47ED1D03E01D0083D5FE /* ClassficationMenuTableViewCell.xib */; };
		F5FA48101D03F6A30083D5FE /* FoundTableViewCell.m in Sources */ = {isa = PBXBuildFile; fileRef = F5FA480E1D03F6A30083D5FE /* FoundTableViewCell.m */; };
		F5FA48111D03F6A30083D5FE /* FoundTableViewCell.xib in Resources */ = {isa = PBXBuildFile; fileRef = F5FA480F1D03F6A30083D5FE /* FoundTableViewCell.xib */; };
		F5FA48151D03F7680083D5FE /* FoundCollectionViewCell.m in Sources */ = {isa = PBXBuildFile; fileRef = F5FA48131D03F7680083D5FE /* FoundCollectionViewCell.m */; };
		F5FA48161D03F7680083D5FE /* FoundCollectionViewCell.xib in Resources */ = {isa = PBXBuildFile; fileRef = F5FA48141D03F7680083D5FE /* FoundCollectionViewCell.xib */; };
		FD35BA99CF0582C840EA7579 /* libPods.a in Frameworks */ = {isa = PBXBuildFile; fileRef = C2D98CDD2CA494B4924BEB87 /* libPods.a */; };
/* End PBXBuildFile section */

/* Begin PBXContainerItemProxy section */
		F5CAD16C1D0112BF00E7E482 /* PBXContainerItemProxy */ = {
			isa = PBXContainerItemProxy;
			containerPortal = F5CAD14A1D0112BF00E7E482 /* Project object */;
			proxyType = 1;
			remoteGlobalIDString = F5CAD1511D0112BF00E7E482;
			remoteInfo = TheProjectFrameWork;
		};
/* End PBXContainerItemProxy section */

/* Begin PBXFileReference section */
		15D6FA724434788B8FDB107F /* Pods.release.xcconfig */ = {isa = PBXFileReference; includeInIndex = 1; lastKnownFileType = text.xcconfig; name = Pods.release.xcconfig; path = "Pods/Target Support Files/Pods/Pods.release.xcconfig"; sourceTree = "<group>"; };
		6458B3BE86A1BEB7A2E095CE /* Pods.debug.xcconfig */ = {isa = PBXFileReference; includeInIndex = 1; lastKnownFileType = text.xcconfig; name = Pods.debug.xcconfig; path = "Pods/Target Support Files/Pods/Pods.debug.xcconfig"; sourceTree = "<group>"; };
		C2D98CDD2CA494B4924BEB87 /* libPods.a */ = {isa = PBXFileReference; explicitFileType = archive.ar; includeInIndex = 0; path = libPods.a; sourceTree = BUILT_PRODUCTS_DIR; };
		F503E9CA1D051A7B001CB721 /* NetWork+BodyAndCookie.h */ = {isa = PBXFileReference; fileEncoding = 4; lastKnownFileType = sourcecode.c.h; path = "NetWork+BodyAndCookie.h"; sourceTree = "<group>"; };
		F503E9CB1D051A7B001CB721 /* NetWork+BodyAndCookie.m */ = {isa = PBXFileReference; fileEncoding = 4; lastKnownFileType = sourcecode.c.objc; path = "NetWork+BodyAndCookie.m"; sourceTree = "<group>"; };
		F5244E9E1D0CEF0A0028B427 /* UITabBar+badge.h */ = {isa = PBXFileReference; fileEncoding = 4; lastKnownFileType = sourcecode.c.h; path = "UITabBar+badge.h"; sourceTree = "<group>"; };
		F5244E9F1D0CEF0A0028B427 /* UITabBar+badge.m */ = {isa = PBXFileReference; fileEncoding = 4; lastKnownFileType = sourcecode.c.objc; path = "UITabBar+badge.m"; sourceTree = "<group>"; };
		F53EFF711D0F94BE00D37696 /* HomeVCMacros.h */ = {isa = PBXFileReference; lastKnownFileType = sourcecode.c.h; path = HomeVCMacros.h; sourceTree = "<group>"; };
		F55555DD1D0F9671009D5527 /* PersonalCollectionViewCell.h */ = {isa = PBXFileReference; fileEncoding = 4; lastKnownFileType = sourcecode.c.h; path = PersonalCollectionViewCell.h; sourceTree = "<group>"; };
		F55555DE1D0F9671009D5527 /* PersonalCollectionViewCell.m */ = {isa = PBXFileReference; fileEncoding = 4; lastKnownFileType = sourcecode.c.objc; path = PersonalCollectionViewCell.m; sourceTree = "<group>"; };
		F55555DF1D0F9671009D5527 /* PersonalCollectionViewCell.xib */ = {isa = PBXFileReference; fileEncoding = 4; lastKnownFileType = file.xib; path = PersonalCollectionViewCell.xib; sourceTree = "<group>"; };
		F55555E11D0F9671009D5527 /* PersonalHeadCollectionReusableView.h */ = {isa = PBXFileReference; fileEncoding = 4; lastKnownFileType = sourcecode.c.h; path = PersonalHeadCollectionReusableView.h; sourceTree = "<group>"; };
		F55555E21D0F9671009D5527 /* PersonalHeadCollectionReusableView.m */ = {isa = PBXFileReference; fileEncoding = 4; lastKnownFileType = sourcecode.c.objc; path = PersonalHeadCollectionReusableView.m; sourceTree = "<group>"; };
		F55555E31D0F9671009D5527 /* PersonalHeadCollectionReusableView.xib */ = {isa = PBXFileReference; fileEncoding = 4; lastKnownFileType = file.xib; path = PersonalHeadCollectionReusableView.xib; sourceTree = "<group>"; };
		F55555E91D0F9697009D5527 /* PersonalViewController.h */ = {isa = PBXFileReference; fileEncoding = 4; lastKnownFileType = sourcecode.c.h; path = PersonalViewController.h; sourceTree = "<group>"; };
		F55555EA1D0F9697009D5527 /* PersonalViewController.m */ = {isa = PBXFileReference; fileEncoding = 4; lastKnownFileType = sourcecode.c.objc; path = PersonalViewController.m; sourceTree = "<group>"; };
		F55555ED1D0F96DB009D5527 /* FoundViewController.h */ = {isa = PBXFileReference; fileEncoding = 4; lastKnownFileType = sourcecode.c.h; path = FoundViewController.h; sourceTree = "<group>"; };
		F55555EE1D0F96DB009D5527 /* FoundViewController.m */ = {isa = PBXFileReference; fileEncoding = 4; lastKnownFileType = sourcecode.c.objc; path = FoundViewController.m; sourceTree = "<group>"; };
		F55555F11D0F9707009D5527 /* ShoppingViewController.h */ = {isa = PBXFileReference; fileEncoding = 4; lastKnownFileType = sourcecode.c.h; path = ShoppingViewController.h; sourceTree = "<group>"; };
		F55555F21D0F9707009D5527 /* ShoppingViewController.m */ = {isa = PBXFileReference; fileEncoding = 4; lastKnownFileType = sourcecode.c.objc; path = ShoppingViewController.m; sourceTree = "<group>"; };
		F55555F51D0F9BBC009D5527 /* HomeViewController.h */ = {isa = PBXFileReference; fileEncoding = 4; lastKnownFileType = sourcecode.c.h; path = HomeViewController.h; sourceTree = "<group>"; };
		F55555F61D0F9BBC009D5527 /* HomeViewController.m */ = {isa = PBXFileReference; fileEncoding = 4; lastKnownFileType = sourcecode.c.objc; path = HomeViewController.m; sourceTree = "<group>"; };
		F5737D391D02EBC10004168F /* HometableHeadView.xib */ = {isa = PBXFileReference; fileEncoding = 4; lastKnownFileType = file.xib; path = HometableHeadView.xib; sourceTree = "<group>"; };
		F5935DC71D011B39008622D4 /* BaseViewController.h */ = {isa = PBXFileReference; fileEncoding = 4; lastKnownFileType = sourcecode.c.h; path = BaseViewController.h; sourceTree = "<group>"; };
		F5935DC81D011B39008622D4 /* BaseViewController.m */ = {isa = PBXFileReference; fileEncoding = 4; lastKnownFileType = sourcecode.c.objc; path = BaseViewController.m; sourceTree = "<group>"; };
		F5935DCB1D011B50008622D4 /* BaseView.h */ = {isa = PBXFileReference; fileEncoding = 4; lastKnownFileType = sourcecode.c.h; path = BaseView.h; sourceTree = "<group>"; };
		F5935DCC1D011B50008622D4 /* BaseView.m */ = {isa = PBXFileReference; fileEncoding = 4; lastKnownFileType = sourcecode.c.objc; path = BaseView.m; sourceTree = "<group>"; };
		F5935DD71D011EC0008622D4 /* Base */ = {isa = PBXFileReference; lastKnownFileType = file.storyboard; name = Base; path = Home.storyboard; sourceTree = "<group>"; };
		F5935DDA1D011EF5008622D4 /* Base */ = {isa = PBXFileReference; lastKnownFileType = file.storyboard; name = Base; path = LaunchScreen.storyboard; sourceTree = "<group>"; };
		F5935DE01D011F0B008622D4 /* Base */ = {isa = PBXFileReference; lastKnownFileType = file.storyboard; name = Base; path = Personal.storyboard; sourceTree = "<group>"; };
		F5935DE31D011F2D008622D4 /* Base */ = {isa = PBXFileReference; lastKnownFileType = file.storyboard; name = Base; path = ShoppingCart.storyboard; sourceTree = "<group>"; };
		F5935DE81D0120ED008622D4 /* UrlMacros.h */ = {isa = PBXFileReference; lastKnownFileType = sourcecode.c.h; path = UrlMacros.h; sourceTree = "<group>"; };
		F5935DE91D012109008622D4 /* AppMacros.h */ = {isa = PBXFileReference; lastKnownFileType = sourcecode.c.h; path = AppMacros.h; sourceTree = "<group>"; };
		F5935DEA1D012140008622D4 /* BaseMacros.h */ = {isa = PBXFileReference; lastKnownFileType = sourcecode.c.h; path = BaseMacros.h; sourceTree = "<group>"; };
		F5935DF11D0125BB008622D4 /* Base */ = {isa = PBXFileReference; lastKnownFileType = file.storyboard; name = Base; path = Login.storyboard; sourceTree = "<group>"; };
		F5935E031D012C1E008622D4 /* ProjectShopping.pch */ = {isa = PBXFileReference; lastKnownFileType = sourcecode.c.h; name = ProjectShopping.pch; path = ../ProjectShopping.pch; sourceTree = "<group>"; };
		F5935E051D013005008622D4 /* HUDManager.h */ = {isa = PBXFileReference; fileEncoding = 4; lastKnownFileType = sourcecode.c.h; path = HUDManager.h; sourceTree = "<group>"; };
		F5935E061D013005008622D4 /* HUDManager.m */ = {isa = PBXFileReference; fileEncoding = 4; lastKnownFileType = sourcecode.c.objc; path = HUDManager.m; sourceTree = "<group>"; };
		F5935E0A1D0130E8008622D4 /* NetWorkType.h */ = {isa = PBXFileReference; fileEncoding = 4; lastKnownFileType = sourcecode.c.h; path = NetWorkType.h; sourceTree = "<group>"; };
		F5935E0B1D0130E8008622D4 /* NetWorkType.m */ = {isa = PBXFileReference; fileEncoding = 4; lastKnownFileType = sourcecode.c.objc; path = NetWorkType.m; sourceTree = "<group>"; };
		F5935E0D1D0134EC008622D4 /* ConstsHeader.h */ = {isa = PBXFileReference; lastKnownFileType = sourcecode.c.h; path = ConstsHeader.h; sourceTree = "<group>"; };
		F5935E2A1D0151E8008622D4 /* Base */ = {isa = PBXFileReference; lastKnownFileType = file.storyboard; name = Base; path = Found.storyboard; sourceTree = "<group>"; };
		F5935E2D1D015206008622D4 /* Base */ = {isa = PBXFileReference; lastKnownFileType = file.storyboard; name = Base; path = Classification.storyboard; sourceTree = "<group>"; };
		F5935E321D015F06008622D4 /* UIImagePickerController+PublishMethods.h */ = {isa = PBXFileReference; fileEncoding = 4; lastKnownFileType = sourcecode.c.h; path = "UIImagePickerController+PublishMethods.h"; sourceTree = "<group>"; };
		F5935E331D015F06008622D4 /* UIImagePickerController+PublishMethods.m */ = {isa = PBXFileReference; fileEncoding = 4; lastKnownFileType = sourcecode.c.objc; path = "UIImagePickerController+PublishMethods.m"; sourceTree = "<group>"; };
		F5935E351D0161E8008622D4 /* NSString+Validation.h */ = {isa = PBXFileReference; fileEncoding = 4; lastKnownFileType = sourcecode.c.h; path = "NSString+Validation.h"; sourceTree = "<group>"; };
		F5935E361D0161E8008622D4 /* NSString+Validation.m */ = {isa = PBXFileReference; fileEncoding = 4; lastKnownFileType = sourcecode.c.objc; path = "NSString+Validation.m"; sourceTree = "<group>"; };
		F5935E381D016371008622D4 /* NSString+Calculate.h */ = {isa = PBXFileReference; fileEncoding = 4; lastKnownFileType = sourcecode.c.h; path = "NSString+Calculate.h"; sourceTree = "<group>"; };
		F5935E391D016371008622D4 /* NSString+Calculate.m */ = {isa = PBXFileReference; fileEncoding = 4; lastKnownFileType = sourcecode.c.objc; path = "NSString+Calculate.m"; sourceTree = "<group>"; };
		F5935E3D1D0165AE008622D4 /* AppDelegate.h */ = {isa = PBXFileReference; fileEncoding = 4; lastKnownFileType = sourcecode.c.h; path = AppDelegate.h; sourceTree = "<group>"; };
		F5935E3E1D0165AE008622D4 /* AppDelegate.m */ = {isa = PBXFileReference; fileEncoding = 4; lastKnownFileType = sourcecode.c.objc; path = AppDelegate.m; sourceTree = "<group>"; };
		F5935E3F1D0165AE008622D4 /* AppDelegate+PrivateMethods.h */ = {isa = PBXFileReference; fileEncoding = 4; lastKnownFileType = sourcecode.c.h; path = "AppDelegate+PrivateMethods.h"; sourceTree = "<group>"; };
		F5935E401D0165AE008622D4 /* AppDelegate+PrivateMethods.m */ = {isa = PBXFileReference; fileEncoding = 4; lastKnownFileType = sourcecode.c.objc; path = "AppDelegate+PrivateMethods.m"; sourceTree = "<group>"; };
		F5935E551D028B0D008622D4 /* NetWork.h */ = {isa = PBXFileReference; fileEncoding = 4; lastKnownFileType = sourcecode.c.h; path = NetWork.h; sourceTree = "<group>"; };
		F5935E561D028B0D008622D4 /* NetWork.m */ = {isa = PBXFileReference; fileEncoding = 4; lastKnownFileType = sourcecode.c.objc; path = NetWork.m; sourceTree = "<group>"; };
		F5B2A79B1D0D499600479C1F /* SubLBXScanViewController.h */ = {isa = PBXFileReference; fileEncoding = 4; lastKnownFileType = sourcecode.c.h; path = SubLBXScanViewController.h; sourceTree = "<group>"; };
		F5B2A79C1D0D499600479C1F /* SubLBXScanViewController.m */ = {isa = PBXFileReference; fileEncoding = 4; lastKnownFileType = sourcecode.c.objc; path = SubLBXScanViewController.m; sourceTree = "<group>"; };
		F5B2A79E1D0D4D2900479C1F /* ScanResultViewController.h */ = {isa = PBXFileReference; fileEncoding = 4; lastKnownFileType = sourcecode.c.h; path = ScanResultViewController.h; sourceTree = "<group>"; };
		F5B2A79F1D0D4D2900479C1F /* ScanResultViewController.m */ = {isa = PBXFileReference; fileEncoding = 4; lastKnownFileType = sourcecode.c.objc; path = ScanResultViewController.m; sourceTree = "<group>"; };
		F5B2A7A01D0D4D2900479C1F /* ScanResultViewController.xib */ = {isa = PBXFileReference; fileEncoding = 4; lastKnownFileType = file.xib; path = ScanResultViewController.xib; sourceTree = "<group>"; };
		F5B2A7A31D0D4D8000479C1F /* CodeScan.bundle */ = {isa = PBXFileReference; lastKnownFileType = "wrapper.plug-in"; path = CodeScan.bundle; sourceTree = "<group>"; };
		F5B2A7A51D0D4EBF00479C1F /* LBXScanVideoZoomView.h */ = {isa = PBXFileReference; fileEncoding = 4; lastKnownFileType = sourcecode.c.h; path = LBXScanVideoZoomView.h; sourceTree = "<group>"; };
		F5B2A7A61D0D4EBF00479C1F /* LBXScanVideoZoomView.m */ = {isa = PBXFileReference; fileEncoding = 4; lastKnownFileType = sourcecode.c.objc; path = LBXScanVideoZoomView.m; sourceTree = "<group>"; };
		F5B2A7B01D0D67EB00479C1F /* SearchViewController.h */ = {isa = PBXFileReference; fileEncoding = 4; lastKnownFileType = sourcecode.c.h; path = SearchViewController.h; sourceTree = "<group>"; };
		F5B2A7B11D0D67EB00479C1F /* SearchViewController.m */ = {isa = PBXFileReference; fileEncoding = 4; lastKnownFileType = sourcecode.c.objc; path = SearchViewController.m; sourceTree = "<group>"; };
		F5B2A7B21D0D67EB00479C1F /* SearchViewController.xib */ = {isa = PBXFileReference; fileEncoding = 4; lastKnownFileType = file.xib; path = SearchViewController.xib; sourceTree = "<group>"; };
		F5B2A7B41D0D67EB00479C1F /* SearchTableViewCell.h */ = {isa = PBXFileReference; fileEncoding = 4; lastKnownFileType = sourcecode.c.h; path = SearchTableViewCell.h; sourceTree = "<group>"; };
		F5B2A7B51D0D67EB00479C1F /* SearchTableViewCell.m */ = {isa = PBXFileReference; fileEncoding = 4; lastKnownFileType = sourcecode.c.objc; path = SearchTableViewCell.m; sourceTree = "<group>"; };
		F5B2A7B61D0D67EB00479C1F /* SearchTableViewCell.xib */ = {isa = PBXFileReference; fileEncoding = 4; lastKnownFileType = file.xib; path = SearchTableViewCell.xib; sourceTree = "<group>"; };
		F5B879941D06D61C000798E0 /* ShoppingCartTableViewCell.h */ = {isa = PBXFileReference; fileEncoding = 4; lastKnownFileType = sourcecode.c.h; path = ShoppingCartTableViewCell.h; sourceTree = "<group>"; };
		F5B879951D06D61C000798E0 /* ShoppingCartTableViewCell.m */ = {isa = PBXFileReference; fileEncoding = 4; lastKnownFileType = sourcecode.c.objc; path = ShoppingCartTableViewCell.m; sourceTree = "<group>"; };
		F5B879961D06D61C000798E0 /* ShoppingCartTableViewCell.xib */ = {isa = PBXFileReference; fileEncoding = 4; lastKnownFileType = file.xib; path = ShoppingCartTableViewCell.xib; sourceTree = "<group>"; };
		F5B8799A1D06D68E000798E0 /* ShoppingButtonView.h */ = {isa = PBXFileReference; fileEncoding = 4; lastKnownFileType = sourcecode.c.h; path = ShoppingButtonView.h; sourceTree = "<group>"; };
		F5B8799B1D06D68E000798E0 /* ShoppingButtonView.m */ = {isa = PBXFileReference; fileEncoding = 4; lastKnownFileType = sourcecode.c.objc; path = ShoppingButtonView.m; sourceTree = "<group>"; };
		F5B8799D1D06D6A3000798E0 /* ShoppingButtonView.xib */ = {isa = PBXFileReference; fileEncoding = 4; lastKnownFileType = file.xib; path = ShoppingButtonView.xib; sourceTree = "<group>"; };
		F5B879A01D07C186000798E0 /* ShoppingModel.h */ = {isa = PBXFileReference; fileEncoding = 4; lastKnownFileType = sourcecode.c.h; path = ShoppingModel.h; sourceTree = "<group>"; };
		F5B879A11D07C186000798E0 /* ShoppingModel.m */ = {isa = PBXFileReference; fileEncoding = 4; lastKnownFileType = sourcecode.c.objc; path = ShoppingModel.m; sourceTree = "<group>"; };
		F5B879A41D07C3EE000798E0 /* GoodsDetialViewController.h */ = {isa = PBXFileReference; fileEncoding = 4; lastKnownFileType = sourcecode.c.h; path = GoodsDetialViewController.h; sourceTree = "<group>"; };
		F5B879A51D07C3EE000798E0 /* GoodsDetialViewController.m */ = {isa = PBXFileReference; fileEncoding = 4; lastKnownFileType = sourcecode.c.objc; path = GoodsDetialViewController.m; sourceTree = "<group>"; };
		F5B879A61D07C3EE000798E0 /* GoodsDetialViewController.xib */ = {isa = PBXFileReference; fileEncoding = 4; lastKnownFileType = file.xib; path = GoodsDetialViewController.xib; sourceTree = "<group>"; };
		F5B879A91D07C75D000798E0 /* BaseModel.h */ = {isa = PBXFileReference; fileEncoding = 4; lastKnownFileType = sourcecode.c.h; path = BaseModel.h; sourceTree = "<group>"; };
		F5B879AA1D07C75D000798E0 /* BaseModel.m */ = {isa = PBXFileReference; fileEncoding = 4; lastKnownFileType = sourcecode.c.objc; path = BaseModel.m; sourceTree = "<group>"; };
		F5B879AD1D0807E7000798E0 /* ButtonView.h */ = {isa = PBXFileReference; fileEncoding = 4; lastKnownFileType = sourcecode.c.h; path = ButtonView.h; sourceTree = "<group>"; };
		F5B879AE1D0807E7000798E0 /* ButtonView.m */ = {isa = PBXFileReference; fileEncoding = 4; lastKnownFileType = sourcecode.c.objc; path = ButtonView.m; sourceTree = "<group>"; };
		F5B879B01D080802000798E0 /* ButtonView.xib */ = {isa = PBXFileReference; fileEncoding = 4; lastKnownFileType = file.xib; path = ButtonView.xib; sourceTree = "<group>"; };
		F5CAD1521D0112BF00E7E482 /* TheProjectFrameWork.app */ = {isa = PBXFileReference; explicitFileType = wrapper.application; includeInIndex = 0; path = TheProjectFrameWork.app; sourceTree = BUILT_PRODUCTS_DIR; };
		F5CAD1561D0112BF00E7E482 /* main.m */ = {isa = PBXFileReference; lastKnownFileType = sourcecode.c.objc; path = main.m; sourceTree = "<group>"; };
		F5CAD1611D0112BF00E7E482 /* Assets.xcassets */ = {isa = PBXFileReference; lastKnownFileType = folder.assetcatalog; path = Assets.xcassets; sourceTree = "<group>"; };
		F5CAD1661D0112BF00E7E482 /* Info.plist */ = {isa = PBXFileReference; lastKnownFileType = text.plist.xml; path = Info.plist; sourceTree = "<group>"; };
		F5CAD16B1D0112BF00E7E482 /* TheProjectFrameWorkUITests.xctest */ = {isa = PBXFileReference; explicitFileType = wrapper.cfbundle; includeInIndex = 0; path = TheProjectFrameWorkUITests.xctest; sourceTree = BUILT_PRODUCTS_DIR; };
		F5DB3D491D02B0CC001A64D0 /* LoginViewController.h */ = {isa = PBXFileReference; fileEncoding = 4; lastKnownFileType = sourcecode.c.h; path = LoginViewController.h; sourceTree = "<group>"; };
		F5DB3D4A1D02B0CC001A64D0 /* LoginViewController.m */ = {isa = PBXFileReference; fileEncoding = 4; lastKnownFileType = sourcecode.c.objc; path = LoginViewController.m; sourceTree = "<group>"; };
		F5DB3D4D1D02B23A001A64D0 /* RegisterViewController.h */ = {isa = PBXFileReference; fileEncoding = 4; lastKnownFileType = sourcecode.c.h; path = RegisterViewController.h; sourceTree = "<group>"; };
		F5DB3D4E1D02B23A001A64D0 /* RegisterViewController.m */ = {isa = PBXFileReference; fileEncoding = 4; lastKnownFileType = sourcecode.c.objc; path = RegisterViewController.m; sourceTree = "<group>"; };
		F5DB3D561D02B633001A64D0 /* ClassificationViewController.h */ = {isa = PBXFileReference; fileEncoding = 4; lastKnownFileType = sourcecode.c.h; path = ClassificationViewController.h; sourceTree = "<group>"; };
		F5DB3D571D02B633001A64D0 /* ClassificationViewController.m */ = {isa = PBXFileReference; fileEncoding = 4; lastKnownFileType = sourcecode.c.objc; path = ClassificationViewController.m; sourceTree = "<group>"; };
		F5E070931D02DED5006D467A /* HomeTableViewCell.h */ = {isa = PBXFileReference; fileEncoding = 4; lastKnownFileType = sourcecode.c.h; path = HomeTableViewCell.h; sourceTree = "<group>"; };
		F5E070941D02DED5006D467A /* HomeTableViewCell.m */ = {isa = PBXFileReference; fileEncoding = 4; lastKnownFileType = sourcecode.c.objc; path = HomeTableViewCell.m; sourceTree = "<group>"; };
		F5E070951D02DED5006D467A /* HomeTableViewCell.xib */ = {isa = PBXFileReference; fileEncoding = 4; lastKnownFileType = file.xib; path = HomeTableViewCell.xib; sourceTree = "<group>"; };
		F5E070971D02DED5006D467A /* HometableHeadView.h */ = {isa = PBXFileReference; fileEncoding = 4; lastKnownFileType = sourcecode.c.h; path = HometableHeadView.h; sourceTree = "<group>"; };
		F5E070981D02DED5006D467A /* HometableHeadView.m */ = {isa = PBXFileReference; fileEncoding = 4; lastKnownFileType = sourcecode.c.objc; path = HometableHeadView.m; sourceTree = "<group>"; };
		F5E070A01D02E3E7006D467A /* Enumeration.h */ = {isa = PBXFileReference; lastKnownFileType = sourcecode.c.h; path = Enumeration.h; sourceTree = "<group>"; };
		F5E6999D1D054994007F0298 /* ClassificationTitleView.h */ = {isa = PBXFileReference; fileEncoding = 4; lastKnownFileType = sourcecode.c.h; path = ClassificationTitleView.h; sourceTree = "<group>"; };
		F5E6999E1D054994007F0298 /* ClassificationTitleView.m */ = {isa = PBXFileReference; fileEncoding = 4; lastKnownFileType = sourcecode.c.objc; path = ClassificationTitleView.m; sourceTree = "<group>"; };
		F5E699A01D0549AB007F0298 /* ClassificationTitleView.xib */ = {isa = PBXFileReference; fileEncoding = 4; lastKnownFileType = file.xib; path = ClassificationTitleView.xib; sourceTree = "<group>"; };
		F5E699A21D054F77007F0298 /* BaseView.xib */ = {isa = PBXFileReference; fileEncoding = 4; lastKnownFileType = file.xib; path = BaseView.xib; sourceTree = "<group>"; };
		F5E699A61D055AB8007F0298 /* ShopPingCart.h */ = {isa = PBXFileReference; fileEncoding = 4; lastKnownFileType = sourcecode.c.h; path = ShopPingCart.h; sourceTree = "<group>"; };
		F5E699A71D055AB8007F0298 /* ShopPingCart.m */ = {isa = PBXFileReference; fileEncoding = 4; lastKnownFileType = sourcecode.c.objc; path = ShopPingCart.m; sourceTree = "<group>"; };
		F5E699B61D056ED7007F0298 /* UINavigationBar+Awesome.h */ = {isa = PBXFileReference; fileEncoding = 4; lastKnownFileType = sourcecode.c.h; path = "UINavigationBar+Awesome.h"; sourceTree = "<group>"; };
		F5E699B71D056ED7007F0298 /* UINavigationBar+Awesome.m */ = {isa = PBXFileReference; fileEncoding = 4; lastKnownFileType = sourcecode.c.objc; path = "UINavigationBar+Awesome.m"; sourceTree = "<group>"; };
		F5FA47DF1D03E01D0083D5FE /* ClassficationDetailCollectionViewCell.h */ = {isa = PBXFileReference; fileEncoding = 4; lastKnownFileType = sourcecode.c.h; path = ClassficationDetailCollectionViewCell.h; sourceTree = "<group>"; };
		F5FA47E01D03E01D0083D5FE /* ClassficationDetailCollectionViewCell.m */ = {isa = PBXFileReference; fileEncoding = 4; lastKnownFileType = sourcecode.c.objc; path = ClassficationDetailCollectionViewCell.m; sourceTree = "<group>"; };
		F5FA47E11D03E01D0083D5FE /* ClassficationDetailCollectionViewCell.xib */ = {isa = PBXFileReference; fileEncoding = 4; lastKnownFileType = file.xib; path = ClassficationDetailCollectionViewCell.xib; sourceTree = "<group>"; };
		F5FA47E31D03E01D0083D5FE /* ClassficationHeadCollectionReusableView.h */ = {isa = PBXFileReference; fileEncoding = 4; lastKnownFileType = sourcecode.c.h; path = ClassficationHeadCollectionReusableView.h; sourceTree = "<group>"; };
		F5FA47E41D03E01D0083D5FE /* ClassficationHeadCollectionReusableView.m */ = {isa = PBXFileReference; fileEncoding = 4; lastKnownFileType = sourcecode.c.objc; path = ClassficationHeadCollectionReusableView.m; sourceTree = "<group>"; };
		F5FA47E51D03E01D0083D5FE /* ClassficationHeadCollectionReusableView.xib */ = {isa = PBXFileReference; fileEncoding = 4; lastKnownFileType = file.xib; path = ClassficationHeadCollectionReusableView.xib; sourceTree = "<group>"; };
		F5FA47E71D03E01D0083D5FE /* ClassfiactionHeadTypeImageCollectionReusableView.h */ = {isa = PBXFileReference; fileEncoding = 4; lastKnownFileType = sourcecode.c.h; path = ClassfiactionHeadTypeImageCollectionReusableView.h; sourceTree = "<group>"; };
		F5FA47E81D03E01D0083D5FE /* ClassfiactionHeadTypeImageCollectionReusableView.m */ = {isa = PBXFileReference; fileEncoding = 4; lastKnownFileType = sourcecode.c.objc; path = ClassfiactionHeadTypeImageCollectionReusableView.m; sourceTree = "<group>"; };
		F5FA47E91D03E01D0083D5FE /* ClassfiactionHeadTypeImageCollectionReusableView.xib */ = {isa = PBXFileReference; fileEncoding = 4; lastKnownFileType = file.xib; path = ClassfiactionHeadTypeImageCollectionReusableView.xib; sourceTree = "<group>"; };
		F5FA47EB1D03E01D0083D5FE /* ClassficationMenuTableViewCell.h */ = {isa = PBXFileReference; fileEncoding = 4; lastKnownFileType = sourcecode.c.h; path = ClassficationMenuTableViewCell.h; sourceTree = "<group>"; };
		F5FA47EC1D03E01D0083D5FE /* ClassficationMenuTableViewCell.m */ = {isa = PBXFileReference; fileEncoding = 4; lastKnownFileType = sourcecode.c.objc; path = ClassficationMenuTableViewCell.m; sourceTree = "<group>"; };
		F5FA47ED1D03E01D0083D5FE /* ClassficationMenuTableViewCell.xib */ = {isa = PBXFileReference; fileEncoding = 4; lastKnownFileType = file.xib; path = ClassficationMenuTableViewCell.xib; sourceTree = "<group>"; };
		F5FA480D1D03F6A30083D5FE /* FoundTableViewCell.h */ = {isa = PBXFileReference; fileEncoding = 4; lastKnownFileType = sourcecode.c.h; path = FoundTableViewCell.h; sourceTree = "<group>"; };
		F5FA480E1D03F6A30083D5FE /* FoundTableViewCell.m */ = {isa = PBXFileReference; fileEncoding = 4; lastKnownFileType = sourcecode.c.objc; path = FoundTableViewCell.m; sourceTree = "<group>"; };
		F5FA480F1D03F6A30083D5FE /* FoundTableViewCell.xib */ = {isa = PBXFileReference; fileEncoding = 4; lastKnownFileType = file.xib; path = FoundTableViewCell.xib; sourceTree = "<group>"; };
		F5FA48121D03F7680083D5FE /* FoundCollectionViewCell.h */ = {isa = PBXFileReference; fileEncoding = 4; lastKnownFileType = sourcecode.c.h; path = FoundCollectionViewCell.h; sourceTree = "<group>"; };
		F5FA48131D03F7680083D5FE /* FoundCollectionViewCell.m */ = {isa = PBXFileReference; fileEncoding = 4; lastKnownFileType = sourcecode.c.objc; path = FoundCollectionViewCell.m; sourceTree = "<group>"; };
		F5FA48141D03F7680083D5FE /* FoundCollectionViewCell.xib */ = {isa = PBXFileReference; fileEncoding = 4; lastKnownFileType = file.xib; path = FoundCollectionViewCell.xib; sourceTree = "<group>"; };
/* End PBXFileReference section */

/* Begin PBXFrameworksBuildPhase section */
		F5CAD14F1D0112BF00E7E482 /* Frameworks */ = {
			isa = PBXFrameworksBuildPhase;
			buildActionMask = 2147483647;
			files = (
				FD35BA99CF0582C840EA7579 /* libPods.a in Frameworks */,
			);
			runOnlyForDeploymentPostprocessing = 0;
		};
		F5CAD1681D0112BF00E7E482 /* Frameworks */ = {
			isa = PBXFrameworksBuildPhase;
			buildActionMask = 2147483647;
			files = (
			);
			runOnlyForDeploymentPostprocessing = 0;
		};
/* End PBXFrameworksBuildPhase section */

/* Begin PBXGroup section */
		C9CA4D6A271CD319C0AD732C /* Frameworks */ = {
			isa = PBXGroup;
			children = (
				C2D98CDD2CA494B4924BEB87 /* libPods.a */,
			);
			name = Frameworks;
			sourceTree = "<group>";
		};
		EBD9B0777332D01F51BC6E87 /* Pods */ = {
			isa = PBXGroup;
			children = (
				6458B3BE86A1BEB7A2E095CE /* Pods.debug.xcconfig */,
				15D6FA724434788B8FDB107F /* Pods.release.xcconfig */,
			);
			name = Pods;
			sourceTree = "<group>";
		};
		F5244E9D1D0CEEE50028B427 /* UITabbar */ = {
			isa = PBXGroup;
			children = (
				F5244E9E1D0CEF0A0028B427 /* UITabBar+badge.h */,
				F5244E9F1D0CEF0A0028B427 /* UITabBar+badge.m */,
			);
			path = UITabbar;
			sourceTree = "<group>";
		};
		F55555DC1D0F9671009D5527 /* PersonalCollectionViewCell */ = {
			isa = PBXGroup;
			children = (
				F55555DD1D0F9671009D5527 /* PersonalCollectionViewCell.h */,
				F55555DE1D0F9671009D5527 /* PersonalCollectionViewCell.m */,
				F55555DF1D0F9671009D5527 /* PersonalCollectionViewCell.xib */,
			);
			path = PersonalCollectionViewCell;
			sourceTree = "<group>";
		};
		F55555E01D0F9671009D5527 /* PersonalHeadCollectionReusableView */ = {
			isa = PBXGroup;
			children = (
				F55555E11D0F9671009D5527 /* PersonalHeadCollectionReusableView.h */,
				F55555E21D0F9671009D5527 /* PersonalHeadCollectionReusableView.m */,
				F55555E31D0F9671009D5527 /* PersonalHeadCollectionReusableView.xib */,
			);
			path = PersonalHeadCollectionReusableView;
			sourceTree = "<group>";
		};
		F55555E81D0F9697009D5527 /* PersonalViewController */ = {
			isa = PBXGroup;
			children = (
				F55555E91D0F9697009D5527 /* PersonalViewController.h */,
				F55555EA1D0F9697009D5527 /* PersonalViewController.m */,
			);
			path = PersonalViewController;
			sourceTree = "<group>";
		};
		F55555EC1D0F96DB009D5527 /* FoundViewController */ = {
			isa = PBXGroup;
			children = (
				F55555ED1D0F96DB009D5527 /* FoundViewController.h */,
				F55555EE1D0F96DB009D5527 /* FoundViewController.m */,
			);
			path = FoundViewController;
			sourceTree = "<group>";
		};
		F55555F01D0F9707009D5527 /* ShoppingViewController */ = {
			isa = PBXGroup;
			children = (
				F55555F11D0F9707009D5527 /* ShoppingViewController.h */,
				F55555F21D0F9707009D5527 /* ShoppingViewController.m */,
			);
			path = ShoppingViewController;
			sourceTree = "<group>";
		};
		F55555F41D0F9BBC009D5527 /* HomeViewController */ = {
			isa = PBXGroup;
			children = (
				F55555F51D0F9BBC009D5527 /* HomeViewController.h */,
				F55555F61D0F9BBC009D5527 /* HomeViewController.m */,
			);
			path = HomeViewController;
			sourceTree = "<group>";
		};
		F5935DA21D01187E008622D4 /* Base.lproj */ = {
			isa = PBXGroup;
			children = (
				F5935DD91D011EF5008622D4 /* LaunchScreen.storyboard */,
				F5935DD61D011EC0008622D4 /* Home.storyboard */,
				F5935DDF1D011F0B008622D4 /* Personal.storyboard */,
				F5935DE21D011F2D008622D4 /* ShoppingCart.storyboard */,
				F5935DF01D0125BB008622D4 /* Login.storyboard */,
				F5935E291D0151E8008622D4 /* Found.storyboard */,
				F5935E2C1D015206008622D4 /* Classification.storyboard */,
			);
			path = Base.lproj;
			sourceTree = "<group>";
		};
		F5935DAC1D01187E008622D4 /* Main(主页) */ = {
			isa = PBXGroup;
			children = (
				F5FA47FB1D03F6000083D5FE /* Found(发现) */,
				F5DB3D541D02B633001A64D0 /* Classification(分类) */,
				F5935DFF1D01263A008622D4 /* Personal(个人) */,
				F5935DE61D011F8A008622D4 /* Shopping(购物) */,
				F5935DD11D011CB7008622D4 /* Home(首页) */,
				F5935DD21D011CB7008622D4 /* Login(登陆) */,
				F5935DD41D011CB7008622D4 /* Public(公共类) */,
				F5935DC41D011B39008622D4 /* Base(基类) */,
			);
			path = "Main(主页)";
			sourceTree = "<group>";
		};
		F5935DAD1D01187E008622D4 /* Vendors(第三方) */ = {
			isa = PBXGroup;
			children = (
				F5B2A7941D0D475C00479C1F /* LBXScan */,
			);
			path = "Vendors(第三方)";
			sourceTree = "<group>";
		};
		F5935DBA1D011AC8008622D4 /* Expand(扩展) */ = {
			isa = PBXGroup;
			children = (
				F5E0709C1D02E3A2006D467A /* Enumeration(枚举) */,
				F5935E081D01307E008622D4 /* NetWork(网络) */,
				F5935DBB1D011AC8008622D4 /* Category(类目) */,
				F5935DBC1D011AC8008622D4 /* Const(常量) */,
				F5935DBD1D011AC8008622D4 /* Handler(帮助类) */,
				F5935DBE1D011AC8008622D4 /* Macros(宏) */,
				F5935DC01D011AC8008622D4 /* Tools(工具类) */,
			);
			path = "Expand(扩展)";
			sourceTree = "<group>";
		};
		F5935DBB1D011AC8008622D4 /* Category(类目) */ = {
			isa = PBXGroup;
			children = (
				F5244E9D1D0CEEE50028B427 /* UITabbar */,
				F5935E0E1D013626008622D4 /* NSData */,
				F5935E0F1D013626008622D4 /* NSString */,
				F5935E101D013626008622D4 /* UIColor */,
				F5935E111D013626008622D4 /* UIImage */,
				F5935E121D013626008622D4 /* UIImagePickerController */,
				F5935E131D013626008622D4 /* UINavagationController */,
			);
			path = "Category(类目)";
			sourceTree = "<group>";
		};
		F5935DBC1D011AC8008622D4 /* Const(常量) */ = {
			isa = PBXGroup;
			children = (
				F5935E0D1D0134EC008622D4 /* ConstsHeader.h */,
			);
			path = "Const(常量)";
			sourceTree = "<group>";
		};
		F5935DBD1D011AC8008622D4 /* Handler(帮助类) */ = {
			isa = PBXGroup;
			children = (
			);
			path = "Handler(帮助类)";
			sourceTree = "<group>";
		};
		F5935DBE1D011AC8008622D4 /* Macros(宏) */ = {
			isa = PBXGroup;
			children = (
				F5935DE81D0120ED008622D4 /* UrlMacros.h */,
				F5935DE91D012109008622D4 /* AppMacros.h */,
				F5935DEA1D012140008622D4 /* BaseMacros.h */,
				F53EFF711D0F94BE00D37696 /* HomeVCMacros.h */,
			);
			path = "Macros(宏)";
			sourceTree = "<group>";
		};
		F5935DC01D011AC8008622D4 /* Tools(工具类) */ = {
			isa = PBXGroup;
			children = (
				F5935E041D012FFA008622D4 /* HUDManager */,
			);
			path = "Tools(工具类)";
			sourceTree = "<group>";
		};
		F5935DC41D011B39008622D4 /* Base(基类) */ = {
			isa = PBXGroup;
			children = (
				F5935DC51D011B39008622D4 /* BaseModel */,
				F5935DC61D011B39008622D4 /* BaseVC */,
				F5935DC91D011B39008622D4 /* BaseView */,
			);
			path = "Base(基类)";
			sourceTree = "<group>";
		};
		F5935DC51D011B39008622D4 /* BaseModel */ = {
			isa = PBXGroup;
			children = (
				F5B879A91D07C75D000798E0 /* BaseModel.h */,
				F5B879AA1D07C75D000798E0 /* BaseModel.m */,
			);
			path = BaseModel;
			sourceTree = "<group>";
		};
		F5935DC61D011B39008622D4 /* BaseVC */ = {
			isa = PBXGroup;
			children = (
				F5935DC71D011B39008622D4 /* BaseViewController.h */,
				F5935DC81D011B39008622D4 /* BaseViewController.m */,
			);
			path = BaseVC;
			sourceTree = "<group>";
		};
		F5935DC91D011B39008622D4 /* BaseView */ = {
			isa = PBXGroup;
			children = (
				F5935DCB1D011B50008622D4 /* BaseView.h */,
				F5935DCC1D011B50008622D4 /* BaseView.m */,
				F5E699A21D054F77007F0298 /* BaseView.xib */,
			);
			path = BaseView;
			sourceTree = "<group>";
		};
		F5935DD11D011CB7008622D4 /* Home(首页) */ = {
			isa = PBXGroup;
			children = (
				F5935E221D0137AC008622D4 /* HomeVC */,
				F5935E251D0137AC008622D4 /* HomeView */,
				F5935E261D0137AC008622D4 /* VCModel */,
				F5935E271D0137AC008622D4 /* ViewModel */,
			);
			path = "Home(首页)";
			sourceTree = "<group>";
		};
		F5935DD21D011CB7008622D4 /* Login(登陆) */ = {
			isa = PBXGroup;
			children = (
				F5DB3D4C1D02B21F001A64D0 /* RegisterVC */,
				F5DB3D481D02B0CC001A64D0 /* LoginVC */,
			);
			path = "Login(登陆)";
			sourceTree = "<group>";
		};
		F5935DD41D011CB7008622D4 /* Public(公共类) */ = {
			isa = PBXGroup;
			children = (
				F5E699B01D055B03007F0298 /* PublicView */,
				F5E699A41D055AB8007F0298 /* Manager */,
				F5E699A91D055AB8007F0298 /* PublicVC */,
			);
			path = "Public(公共类)";
			sourceTree = "<group>";
		};
		F5935DE61D011F8A008622D4 /* Shopping(购物) */ = {
			isa = PBXGroup;
			children = (
				F5935E1B1D013758008622D4 /* ShoppingVC */,
				F5935E1E1D013758008622D4 /* ShoppingView */,
				F5935E1F1D013758008622D4 /* VCModel */,
				F5935E201D013758008622D4 /* ViewModel */,
			);
			path = "Shopping(购物)";
			sourceTree = "<group>";
		};
		F5935DE71D012091008622D4 /* CoreData(数据) */ = {
			isa = PBXGroup;
			children = (
				F5DB3D461D02A388001A64D0 /* CoreDatas */,
				F5DB3D471D02A388001A64D0 /* Sqlites */,
			);
			name = "CoreData(数据)";
			path = CoreData;
			sourceTree = "<group>";
		};
		F5935DFF1D01263A008622D4 /* Personal(个人) */ = {
			isa = PBXGroup;
			children = (
				F5935E141D0136B5008622D4 /* PersonalVC */,
				F5935E171D0136B5008622D4 /* PersonalView */,
				F5935E181D0136B5008622D4 /* VCModel */,
				F5935E191D0136B5008622D4 /* ViewModel */,
			);
			path = "Personal(个人)";
			sourceTree = "<group>";
		};
		F5935E041D012FFA008622D4 /* HUDManager */ = {
			isa = PBXGroup;
			children = (
				F5935E051D013005008622D4 /* HUDManager.h */,
				F5935E061D013005008622D4 /* HUDManager.m */,
			);
			path = HUDManager;
			sourceTree = "<group>";
		};
		F5935E081D01307E008622D4 /* NetWork(网络) */ = {
			isa = PBXGroup;
			children = (
				F5935E541D0289FB008622D4 /* NetWork */,
				F5935E091D0130B9008622D4 /* NetWorkType */,
			);
			path = "NetWork(网络)";
			sourceTree = "<group>";
		};
		F5935E091D0130B9008622D4 /* NetWorkType */ = {
			isa = PBXGroup;
			children = (
				F5935E0A1D0130E8008622D4 /* NetWorkType.h */,
				F5935E0B1D0130E8008622D4 /* NetWorkType.m */,
			);
			path = NetWorkType;
			sourceTree = "<group>";
		};
		F5935E0E1D013626008622D4 /* NSData */ = {
			isa = PBXGroup;
			children = (
			);
			path = NSData;
			sourceTree = "<group>";
		};
		F5935E0F1D013626008622D4 /* NSString */ = {
			isa = PBXGroup;
			children = (
				F5935E351D0161E8008622D4 /* NSString+Validation.h */,
				F5935E361D0161E8008622D4 /* NSString+Validation.m */,
				F5935E381D016371008622D4 /* NSString+Calculate.h */,
				F5935E391D016371008622D4 /* NSString+Calculate.m */,
			);
			path = NSString;
			sourceTree = "<group>";
		};
		F5935E101D013626008622D4 /* UIColor */ = {
			isa = PBXGroup;
			children = (
			);
			path = UIColor;
			sourceTree = "<group>";
		};
		F5935E111D013626008622D4 /* UIImage */ = {
			isa = PBXGroup;
			children = (
			);
			path = UIImage;
			sourceTree = "<group>";
		};
		F5935E121D013626008622D4 /* UIImagePickerController */ = {
			isa = PBXGroup;
			children = (
				F5935E321D015F06008622D4 /* UIImagePickerController+PublishMethods.h */,
				F5935E331D015F06008622D4 /* UIImagePickerController+PublishMethods.m */,
			);
			path = UIImagePickerController;
			sourceTree = "<group>";
		};
		F5935E131D013626008622D4 /* UINavagationController */ = {
			isa = PBXGroup;
			children = (
				F5E699B61D056ED7007F0298 /* UINavigationBar+Awesome.h */,
				F5E699B71D056ED7007F0298 /* UINavigationBar+Awesome.m */,
			);
			path = UINavagationController;
			sourceTree = "<group>";
		};
		F5935E141D0136B5008622D4 /* PersonalVC */ = {
			isa = PBXGroup;
			children = (
				F55555E81D0F9697009D5527 /* PersonalViewController */,
			);
			path = PersonalVC;
			sourceTree = "<group>";
		};
		F5935E171D0136B5008622D4 /* PersonalView */ = {
			isa = PBXGroup;
			children = (
				F55555DC1D0F9671009D5527 /* PersonalCollectionViewCell */,
				F55555E01D0F9671009D5527 /* PersonalHeadCollectionReusableView */,
			);
			path = PersonalView;
			sourceTree = "<group>";
		};
		F5935E181D0136B5008622D4 /* VCModel */ = {
			isa = PBXGroup;
			children = (
			);
			path = VCModel;
			sourceTree = "<group>";
		};
		F5935E191D0136B5008622D4 /* ViewModel */ = {
			isa = PBXGroup;
			children = (
			);
			path = ViewModel;
			sourceTree = "<group>";
		};
		F5935E1B1D013758008622D4 /* ShoppingVC */ = {
			isa = PBXGroup;
			children = (
				F55555F01D0F9707009D5527 /* ShoppingViewController */,
			);
			path = ShoppingVC;
			sourceTree = "<group>";
		};
		F5935E1E1D013758008622D4 /* ShoppingView */ = {
			isa = PBXGroup;
			children = (
				F5B879991D06D669000798E0 /* ShoppingButton */,
				F5B879931D06D61C000798E0 /* ShoppingCartTableViewCell */,
			);
			path = ShoppingView;
			sourceTree = "<group>";
		};
		F5935E1F1D013758008622D4 /* VCModel */ = {
			isa = PBXGroup;
			children = (
			);
			path = VCModel;
			sourceTree = "<group>";
		};
		F5935E201D013758008622D4 /* ViewModel */ = {
			isa = PBXGroup;
			children = (
			);
			path = ViewModel;
			sourceTree = "<group>";
		};
		F5935E221D0137AC008622D4 /* HomeVC */ = {
			isa = PBXGroup;
			children = (
				F55555F41D0F9BBC009D5527 /* HomeViewController */,
			);
			path = HomeVC;
			sourceTree = "<group>";
		};
		F5935E251D0137AC008622D4 /* HomeView */ = {
			isa = PBXGroup;
			children = (
				F5E070921D02DED5006D467A /* HomeCell */,
				F5E070961D02DED5006D467A /* HomeHeadView */,
			);
			path = HomeView;
			sourceTree = "<group>";
		};
		F5935E261D0137AC008622D4 /* VCModel */ = {
			isa = PBXGroup;
			children = (
			);
			path = VCModel;
			sourceTree = "<group>";
		};
		F5935E271D0137AC008622D4 /* ViewModel */ = {
			isa = PBXGroup;
			children = (
			);
			path = ViewModel;
			sourceTree = "<group>";
		};
		F5935E3C1D01658B008622D4 /* AppDelegate */ = {
			isa = PBXGroup;
			children = (
				F5935E031D012C1E008622D4 /* ProjectShopping.pch */,
				F5935E3D1D0165AE008622D4 /* AppDelegate.h */,
				F5935E3E1D0165AE008622D4 /* AppDelegate.m */,
				F5935E3F1D0165AE008622D4 /* AppDelegate+PrivateMethods.h */,
				F5935E401D0165AE008622D4 /* AppDelegate+PrivateMethods.m */,
			);
			path = AppDelegate;
			sourceTree = "<group>";
		};
		F5935E541D0289FB008622D4 /* NetWork */ = {
			isa = PBXGroup;
			children = (
				F5935E551D028B0D008622D4 /* NetWork.h */,
				F5935E561D028B0D008622D4 /* NetWork.m */,
				F503E9CA1D051A7B001CB721 /* NetWork+BodyAndCookie.h */,
				F503E9CB1D051A7B001CB721 /* NetWork+BodyAndCookie.m */,
			);
			path = NetWork;
			sourceTree = "<group>";
		};
		F5B2A7941D0D475C00479C1F /* LBXScan */ = {
			isa = PBXGroup;
			children = (
				F5B2A7A51D0D4EBF00479C1F /* LBXScanVideoZoomView.h */,
				F5B2A7A61D0D4EBF00479C1F /* LBXScanVideoZoomView.m */,
				F5B2A79E1D0D4D2900479C1F /* ScanResultViewController.h */,
				F5B2A79F1D0D4D2900479C1F /* ScanResultViewController.m */,
				F5B2A7A01D0D4D2900479C1F /* ScanResultViewController.xib */,
				F5B2A79B1D0D499600479C1F /* SubLBXScanViewController.h */,
				F5B2A79C1D0D499600479C1F /* SubLBXScanViewController.m */,
				F5B2A7A31D0D4D8000479C1F /* CodeScan.bundle */,
			);
			path = LBXScan;
			sourceTree = "<group>";
		};
		F5B2A7AE1D0D67EB00479C1F /* SearchViewController */ = {
			isa = PBXGroup;
			children = (
				F5B2A7AF1D0D67EB00479C1F /* SearchVC */,
				F5B2A7B31D0D67EB00479C1F /* SearchView */,
			);
			path = SearchViewController;
			sourceTree = "<group>";
		};
		F5B2A7AF1D0D67EB00479C1F /* SearchVC */ = {
			isa = PBXGroup;
			children = (
				F5B2A7B01D0D67EB00479C1F /* SearchViewController.h */,
				F5B2A7B11D0D67EB00479C1F /* SearchViewController.m */,
				F5B2A7B21D0D67EB00479C1F /* SearchViewController.xib */,
			);
			path = SearchVC;
			sourceTree = "<group>";
		};
		F5B2A7B31D0D67EB00479C1F /* SearchView */ = {
			isa = PBXGroup;
			children = (
				F5B2A7B41D0D67EB00479C1F /* SearchTableViewCell.h */,
				F5B2A7B51D0D67EB00479C1F /* SearchTableViewCell.m */,
				F5B2A7B61D0D67EB00479C1F /* SearchTableViewCell.xib */,
			);
			path = SearchView;
			sourceTree = "<group>";
		};
		F5B879931D06D61C000798E0 /* ShoppingCartTableViewCell */ = {
			isa = PBXGroup;
			children = (
				F5B879941D06D61C000798E0 /* ShoppingCartTableViewCell.h */,
				F5B879951D06D61C000798E0 /* ShoppingCartTableViewCell.m */,
				F5B879961D06D61C000798E0 /* ShoppingCartTableViewCell.xib */,
			);
			path = ShoppingCartTableViewCell;
			sourceTree = "<group>";
		};
		F5B879991D06D669000798E0 /* ShoppingButton */ = {
			isa = PBXGroup;
			children = (
				F5B8799A1D06D68E000798E0 /* ShoppingButtonView.h */,
				F5B8799B1D06D68E000798E0 /* ShoppingButtonView.m */,
				F5B8799D1D06D6A3000798E0 /* ShoppingButtonView.xib */,
			);
			path = ShoppingButton;
			sourceTree = "<group>";
		};
		F5B8799F1D07C16E000798E0 /* ShoppingModel */ = {
			isa = PBXGroup;
			children = (
				F5B879A01D07C186000798E0 /* ShoppingModel.h */,
				F5B879A11D07C186000798E0 /* ShoppingModel.m */,
			);
			path = ShoppingModel;
			sourceTree = "<group>";
		};
		F5B879A31D07C3D7000798E0 /* GoodsDetialVC */ = {
			isa = PBXGroup;
			children = (
				F5B879A41D07C3EE000798E0 /* GoodsDetialViewController.h */,
				F5B879A51D07C3EE000798E0 /* GoodsDetialViewController.m */,
				F5B879A61D07C3EE000798E0 /* GoodsDetialViewController.xib */,
			);
			path = GoodsDetialVC;
			sourceTree = "<group>";
		};
		F5B879AC1D0807D4000798E0 /* ButtonView */ = {
			isa = PBXGroup;
			children = (
				F5B879AD1D0807E7000798E0 /* ButtonView.h */,
				F5B879AE1D0807E7000798E0 /* ButtonView.m */,
				F5B879B01D080802000798E0 /* ButtonView.xib */,
			);
			path = ButtonView;
			sourceTree = "<group>";
		};
		F5CAD1491D0112BF00E7E482 = {
			isa = PBXGroup;
			children = (
				F5CAD1541D0112BF00E7E482 /* TheProjectFrameWork */,
				F5CAD1531D0112BF00E7E482 /* Products */,
				EBD9B0777332D01F51BC6E87 /* Pods */,
				C9CA4D6A271CD319C0AD732C /* Frameworks */,
			);
			sourceTree = "<group>";
		};
		F5CAD1531D0112BF00E7E482 /* Products */ = {
			isa = PBXGroup;
			children = (
				F5CAD1521D0112BF00E7E482 /* TheProjectFrameWork.app */,
				F5CAD16B1D0112BF00E7E482 /* TheProjectFrameWorkUITests.xctest */,
			);
			name = Products;
			sourceTree = "<group>";
		};
		F5CAD1541D0112BF00E7E482 /* TheProjectFrameWork */ = {
			isa = PBXGroup;
			children = (
				F5935E3C1D01658B008622D4 /* AppDelegate */,
				F5935DE71D012091008622D4 /* CoreData(数据) */,
				F5935DBA1D011AC8008622D4 /* Expand(扩展) */,
				F5935DA21D01187E008622D4 /* Base.lproj */,
				F5935DAC1D01187E008622D4 /* Main(主页) */,
				F5935DAD1D01187E008622D4 /* Vendors(第三方) */,
				F5CAD1611D0112BF00E7E482 /* Assets.xcassets */,
				F5CAD1661D0112BF00E7E482 /* Info.plist */,
				F5CAD1551D0112BF00E7E482 /* Supporting Files */,
			);
			path = TheProjectFrameWork;
			sourceTree = "<group>";
		};
		F5CAD1551D0112BF00E7E482 /* Supporting Files */ = {
			isa = PBXGroup;
			children = (
				F5CAD1561D0112BF00E7E482 /* main.m */,
			);
			name = "Supporting Files";
			sourceTree = "<group>";
		};
		F5DB3D461D02A388001A64D0 /* CoreDatas */ = {
			isa = PBXGroup;
			children = (
			);
			path = CoreDatas;
			sourceTree = "<group>";
		};
		F5DB3D471D02A388001A64D0 /* Sqlites */ = {
			isa = PBXGroup;
			children = (
			);
			path = Sqlites;
			sourceTree = "<group>";
		};
		F5DB3D481D02B0CC001A64D0 /* LoginVC */ = {
			isa = PBXGroup;
			children = (
				F5DB3D491D02B0CC001A64D0 /* LoginViewController.h */,
				F5DB3D4A1D02B0CC001A64D0 /* LoginViewController.m */,
			);
			path = LoginVC;
			sourceTree = "<group>";
		};
		F5DB3D4C1D02B21F001A64D0 /* RegisterVC */ = {
			isa = PBXGroup;
			children = (
				F5DB3D4D1D02B23A001A64D0 /* RegisterViewController.h */,
				F5DB3D4E1D02B23A001A64D0 /* RegisterViewController.m */,
			);
			path = RegisterVC;
			sourceTree = "<group>";
		};
		F5DB3D541D02B633001A64D0 /* Classification(分类) */ = {
			isa = PBXGroup;
			children = (
				F5DB3D551D02B633001A64D0 /* ClassficationVC */,
				F5DB3D581D02B633001A64D0 /* ClassficationView */,
				F5DB3D591D02B633001A64D0 /* Model */,
				F5DB3D5A1D02B633001A64D0 /* ViewModel */,
			);
			path = "Classification(分类)";
			sourceTree = "<group>";
		};
		F5DB3D551D02B633001A64D0 /* ClassficationVC */ = {
			isa = PBXGroup;
			children = (
				F5DB3D561D02B633001A64D0 /* ClassificationViewController.h */,
				F5DB3D571D02B633001A64D0 /* ClassificationViewController.m */,
			);
			path = ClassficationVC;
			sourceTree = "<group>";
		};
		F5DB3D581D02B633001A64D0 /* ClassficationView */ = {
			isa = PBXGroup;
			children = (
				F5E6999C1D05493A007F0298 /* ClassificationTitleView */,
				F5FA47DE1D03E01D0083D5FE /*  ClassficationCollectionViewCell */,
				F5FA47E21D03E01D0083D5FE /* ClassficationCollectionHeadViewTypeCommend */,
				F5FA47E61D03E01D0083D5FE /* ClassficationCollectionViewHeadViewTypeImage */,
				F5FA47EA1D03E01D0083D5FE /* ClassficationTableViewCell */,
			);
			path = ClassficationView;
			sourceTree = "<group>";
		};
		F5DB3D591D02B633001A64D0 /* Model */ = {
			isa = PBXGroup;
			children = (
			);
			path = Model;
			sourceTree = "<group>";
		};
		F5DB3D5A1D02B633001A64D0 /* ViewModel */ = {
			isa = PBXGroup;
			children = (
			);
			path = ViewModel;
			sourceTree = "<group>";
		};
		F5E070921D02DED5006D467A /* HomeCell */ = {
			isa = PBXGroup;
			children = (
				F5E070931D02DED5006D467A /* HomeTableViewCell.h */,
				F5E070941D02DED5006D467A /* HomeTableViewCell.m */,
				F5E070951D02DED5006D467A /* HomeTableViewCell.xib */,
			);
			path = HomeCell;
			sourceTree = "<group>";
		};
		F5E070961D02DED5006D467A /* HomeHeadView */ = {
			isa = PBXGroup;
			children = (
				F5E070971D02DED5006D467A /* HometableHeadView.h */,
				F5E070981D02DED5006D467A /* HometableHeadView.m */,
				F5737D391D02EBC10004168F /* HometableHeadView.xib */,
			);
			path = HomeHeadView;
			sourceTree = "<group>";
		};
		F5E0709C1D02E3A2006D467A /* Enumeration(枚举) */ = {
			isa = PBXGroup;
			children = (
				F5E070A01D02E3E7006D467A /* Enumeration.h */,
			);
			path = "Enumeration(枚举)";
			sourceTree = "<group>";
		};
		F5E6999C1D05493A007F0298 /* ClassificationTitleView */ = {
			isa = PBXGroup;
			children = (
				F5E6999D1D054994007F0298 /* ClassificationTitleView.h */,
				F5E6999E1D054994007F0298 /* ClassificationTitleView.m */,
				F5E699A01D0549AB007F0298 /* ClassificationTitleView.xib */,
			);
			path = ClassificationTitleView;
			sourceTree = "<group>";
		};
		F5E699A41D055AB8007F0298 /* Manager */ = {
			isa = PBXGroup;
			children = (
				F5B8799F1D07C16E000798E0 /* ShoppingModel */,
				F5E699A51D055AB8007F0298 /* ShopPingManager */,
				F5E699A81D055AB8007F0298 /* UserInfoManger */,
			);
			path = Manager;
			sourceTree = "<group>";
		};
		F5E699A51D055AB8007F0298 /* ShopPingManager */ = {
			isa = PBXGroup;
			children = (
				F5E699A61D055AB8007F0298 /* ShopPingCart.h */,
				F5E699A71D055AB8007F0298 /* ShopPingCart.m */,
			);
			path = ShopPingManager;
			sourceTree = "<group>";
		};
		F5E699A81D055AB8007F0298 /* UserInfoManger */ = {
			isa = PBXGroup;
			children = (
			);
			path = UserInfoManger;
			sourceTree = "<group>";
		};
		F5E699A91D055AB8007F0298 /* PublicVC */ = {
			isa = PBXGroup;
			children = (
				F5B879A31D07C3D7000798E0 /* GoodsDetialVC */,
			);
			path = PublicVC;
			sourceTree = "<group>";
		};
		F5E699B01D055B03007F0298 /* PublicView */ = {
			isa = PBXGroup;
			children = (
				F5B2A7AE1D0D67EB00479C1F /* SearchViewController */,
				F5B879AC1D0807D4000798E0 /* ButtonView */,
			);
			path = PublicView;
			sourceTree = "<group>";
		};
		F5FA47DE1D03E01D0083D5FE /*  ClassficationCollectionViewCell */ = {
			isa = PBXGroup;
			children = (
				F5FA47DF1D03E01D0083D5FE /* ClassficationDetailCollectionViewCell.h */,
				F5FA47E01D03E01D0083D5FE /* ClassficationDetailCollectionViewCell.m */,
				F5FA47E11D03E01D0083D5FE /* ClassficationDetailCollectionViewCell.xib */,
			);
			path = " ClassficationCollectionViewCell";
			sourceTree = "<group>";
		};
		F5FA47E21D03E01D0083D5FE /* ClassficationCollectionHeadViewTypeCommend */ = {
			isa = PBXGroup;
			children = (
				F5FA47E31D03E01D0083D5FE /* ClassficationHeadCollectionReusableView.h */,
				F5FA47E41D03E01D0083D5FE /* ClassficationHeadCollectionReusableView.m */,
				F5FA47E51D03E01D0083D5FE /* ClassficationHeadCollectionReusableView.xib */,
			);
			path = ClassficationCollectionHeadViewTypeCommend;
			sourceTree = "<group>";
		};
		F5FA47E61D03E01D0083D5FE /* ClassficationCollectionViewHeadViewTypeImage */ = {
			isa = PBXGroup;
			children = (
				F5FA47E71D03E01D0083D5FE /* ClassfiactionHeadTypeImageCollectionReusableView.h */,
				F5FA47E81D03E01D0083D5FE /* ClassfiactionHeadTypeImageCollectionReusableView.m */,
				F5FA47E91D03E01D0083D5FE /* ClassfiactionHeadTypeImageCollectionReusableView.xib */,
			);
			path = ClassficationCollectionViewHeadViewTypeImage;
			sourceTree = "<group>";
		};
		F5FA47EA1D03E01D0083D5FE /* ClassficationTableViewCell */ = {
			isa = PBXGroup;
			children = (
				F5FA47EB1D03E01D0083D5FE /* ClassficationMenuTableViewCell.h */,
				F5FA47EC1D03E01D0083D5FE /* ClassficationMenuTableViewCell.m */,
				F5FA47ED1D03E01D0083D5FE /* ClassficationMenuTableViewCell.xib */,
			);
			path = ClassficationTableViewCell;
			sourceTree = "<group>";
		};
		F5FA47FB1D03F6000083D5FE /* Found(发现) */ = {
			isa = PBXGroup;
			children = (
				F5FA47FF1D03F64D0083D5FE /* FoundVC */,
				F5FA48021D03F64D0083D5FE /* FoundView */,
				F5FA48031D03F64D0083D5FE /* Model */,
				F5FA48041D03F64D0083D5FE /* ViewModel */,
			);
			path = "Found(发现)";
			sourceTree = "<group>";
		};
		F5FA47FF1D03F64D0083D5FE /* FoundVC */ = {
			isa = PBXGroup;
			children = (
				F55555EC1D0F96DB009D5527 /* FoundViewController */,
			);
			path = FoundVC;
			sourceTree = "<group>";
		};
		F5FA48021D03F64D0083D5FE /* FoundView */ = {
			isa = PBXGroup;
			children = (
				F5FA480B1D03F6A30083D5FE /* FoundCollecTionViewCell */,
				F5FA480C1D03F6A30083D5FE /* FoundTableViewCell */,
			);
			path = FoundView;
			sourceTree = "<group>";
		};
		F5FA48031D03F64D0083D5FE /* Model */ = {
			isa = PBXGroup;
			children = (
			);
			path = Model;
			sourceTree = "<group>";
		};
		F5FA48041D03F64D0083D5FE /* ViewModel */ = {
			isa = PBXGroup;
			children = (
			);
			path = ViewModel;
			sourceTree = "<group>";
		};
		F5FA480B1D03F6A30083D5FE /* FoundCollecTionViewCell */ = {
			isa = PBXGroup;
			children = (
				F5FA48121D03F7680083D5FE /* FoundCollectionViewCell.h */,
				F5FA48131D03F7680083D5FE /* FoundCollectionViewCell.m */,
				F5FA48141D03F7680083D5FE /* FoundCollectionViewCell.xib */,
			);
			path = FoundCollecTionViewCell;
			sourceTree = "<group>";
		};
		F5FA480C1D03F6A30083D5FE /* FoundTableViewCell */ = {
			isa = PBXGroup;
			children = (
				F5FA480D1D03F6A30083D5FE /* FoundTableViewCell.h */,
				F5FA480E1D03F6A30083D5FE /* FoundTableViewCell.m */,
				F5FA480F1D03F6A30083D5FE /* FoundTableViewCell.xib */,
			);
			path = FoundTableViewCell;
			sourceTree = "<group>";
		};
/* End PBXGroup section */

/* Begin PBXNativeTarget section */
		F5CAD1511D0112BF00E7E482 /* TheProjectFrameWork */ = {
			isa = PBXNativeTarget;
			buildConfigurationList = F5CAD1741D0112BF00E7E482 /* Build configuration list for PBXNativeTarget "TheProjectFrameWork" */;
			buildPhases = (
				DB9D6E4972F79DCC42FE5967 /* Check Pods Manifest.lock */,
				F5CAD14E1D0112BF00E7E482 /* Sources */,
				F5CAD14F1D0112BF00E7E482 /* Frameworks */,
				F5CAD1501D0112BF00E7E482 /* Resources */,
				95346670F17170152A73D8DA /* Copy Pods Resources */,
				9153F573D543B8143D0ED936 /* Embed Pods Frameworks */,
			);
			buildRules = (
			);
			dependencies = (
			);
			name = TheProjectFrameWork;
			productName = TheProjectFrameWork;
			productReference = F5CAD1521D0112BF00E7E482 /* TheProjectFrameWork.app */;
			productType = "com.apple.product-type.application";
		};
		F5CAD16A1D0112BF00E7E482 /* TheProjectFrameWorkUITests */ = {
			isa = PBXNativeTarget;
			buildConfigurationList = F5CAD1771D0112BF00E7E482 /* Build configuration list for PBXNativeTarget "TheProjectFrameWorkUITests" */;
			buildPhases = (
				F5CAD1671D0112BF00E7E482 /* Sources */,
				F5CAD1681D0112BF00E7E482 /* Frameworks */,
				F5CAD1691D0112BF00E7E482 /* Resources */,
			);
			buildRules = (
			);
			dependencies = (
				F5CAD16D1D0112BF00E7E482 /* PBXTargetDependency */,
			);
			name = TheProjectFrameWorkUITests;
			productName = TheProjectFrameWorkUITests;
			productReference = F5CAD16B1D0112BF00E7E482 /* TheProjectFrameWorkUITests.xctest */;
			productType = "com.apple.product-type.bundle.ui-testing";
		};
/* End PBXNativeTarget section */

/* Begin PBXProject section */
		F5CAD14A1D0112BF00E7E482 /* Project object */ = {
			isa = PBXProject;
			attributes = {
				LastUpgradeCheck = 0720;
				ORGANIZATIONNAME = MapleDongSen;
				TargetAttributes = {
					F5CAD1511D0112BF00E7E482 = {
						CreatedOnToolsVersion = 7.2;
					};
					F5CAD16A1D0112BF00E7E482 = {
						CreatedOnToolsVersion = 7.2;
						TestTargetID = F5CAD1511D0112BF00E7E482;
					};
				};
			};
			buildConfigurationList = F5CAD14D1D0112BF00E7E482 /* Build configuration list for PBXProject "TheProjectFrameWork" */;
			compatibilityVersion = "Xcode 3.2";
			developmentRegion = English;
			hasScannedForEncodings = 0;
			knownRegions = (
				en,
				Base,
			);
			mainGroup = F5CAD1491D0112BF00E7E482;
			productRefGroup = F5CAD1531D0112BF00E7E482 /* Products */;
			projectDirPath = "";
			projectRoot = "";
			targets = (
				F5CAD1511D0112BF00E7E482 /* TheProjectFrameWork */,
				F5CAD16A1D0112BF00E7E482 /* TheProjectFrameWorkUITests */,
			);
		};
/* End PBXProject section */

/* Begin PBXResourcesBuildPhase section */
		F5CAD1501D0112BF00E7E482 /* Resources */ = {
			isa = PBXResourcesBuildPhase;
			buildActionMask = 2147483647;
			files = (
				F5FA48111D03F6A30083D5FE /* FoundTableViewCell.xib in Resources */,
				F5E699A11D0549AB007F0298 /* ClassificationTitleView.xib in Resources */,
				F5B2A7A21D0D4D2900479C1F /* ScanResultViewController.xib in Resources */,
				F5935DE41D011F2D008622D4 /* ShoppingCart.storyboard in Resources */,
				F5B2A7B81D0D67EB00479C1F /* SearchViewController.xib in Resources */,
				F5FA47F31D03E01D0083D5FE /* ClassfiactionHeadTypeImageCollectionReusableView.xib in Resources */,
				F5FA47EF1D03E01D0083D5FE /* ClassficationDetailCollectionViewCell.xib in Resources */,
				F5B879B11D080802000798E0 /* ButtonView.xib in Resources */,
				F5737D3A1D02EBC10004168F /* HometableHeadView.xib in Resources */,
				F5935DDD1D011EF5008622D4 /* LaunchScreen.storyboard in Resources */,
				F5FA47F51D03E01D0083D5FE /* ClassficationMenuTableViewCell.xib in Resources */,
				F5935DF21D0125BB008622D4 /* Login.storyboard in Resources */,
				F5B879981D06D61C000798E0 /* ShoppingCartTableViewCell.xib in Resources */,
				F5B8799E1D06D6A3000798E0 /* ShoppingButtonView.xib in Resources */,
				F5FA47F11D03E01D0083D5FE /* ClassficationHeadCollectionReusableView.xib in Resources */,
				F55555E71D0F9671009D5527 /* PersonalHeadCollectionReusableView.xib in Resources */,
				F5FA48161D03F7680083D5FE /* FoundCollectionViewCell.xib in Resources */,
				F5CAD1621D0112BF00E7E482 /* Assets.xcassets in Resources */,
				F5B879A81D07C3EE000798E0 /* GoodsDetialViewController.xib in Resources */,
				F55555E51D0F9671009D5527 /* PersonalCollectionViewCell.xib in Resources */,
				F5B2A7A41D0D4D8000479C1F /* CodeScan.bundle in Resources */,
				F5935E2E1D015206008622D4 /* Classification.storyboard in Resources */,
				F5935E2B1D0151E8008622D4 /* Found.storyboard in Resources */,
				F5935DD81D011EC0008622D4 /* Home.storyboard in Resources */,
				F5E699A31D054F77007F0298 /* BaseView.xib in Resources */,
				F5B2A7BA1D0D67EB00479C1F /* SearchTableViewCell.xib in Resources */,
				F5935DE11D011F0B008622D4 /* Personal.storyboard in Resources */,
				F5E0709A1D02DED5006D467A /* HomeTableViewCell.xib in Resources */,
			);
			runOnlyForDeploymentPostprocessing = 0;
		};
		F5CAD1691D0112BF00E7E482 /* Resources */ = {
			isa = PBXResourcesBuildPhase;
			buildActionMask = 2147483647;
			files = (
			);
			runOnlyForDeploymentPostprocessing = 0;
		};
/* End PBXResourcesBuildPhase section */

/* Begin PBXShellScriptBuildPhase section */
		9153F573D543B8143D0ED936 /* Embed Pods Frameworks */ = {
			isa = PBXShellScriptBuildPhase;
			buildActionMask = 2147483647;
			files = (
			);
			inputPaths = (
			);
			name = "Embed Pods Frameworks";
			outputPaths = (
			);
			runOnlyForDeploymentPostprocessing = 0;
			shellPath = /bin/sh;
			shellScript = "\"${SRCROOT}/Pods/Target Support Files/Pods/Pods-frameworks.sh\"\n";
			showEnvVarsInLog = 0;
		};
		95346670F17170152A73D8DA /* Copy Pods Resources */ = {
			isa = PBXShellScriptBuildPhase;
			buildActionMask = 2147483647;
			files = (
			);
			inputPaths = (
			);
			name = "Copy Pods Resources";
			outputPaths = (
			);
			runOnlyForDeploymentPostprocessing = 0;
			shellPath = /bin/sh;
			shellScript = "\"${SRCROOT}/Pods/Target Support Files/Pods/Pods-resources.sh\"\n";
			showEnvVarsInLog = 0;
		};
		DB9D6E4972F79DCC42FE5967 /* Check Pods Manifest.lock */ = {
			isa = PBXShellScriptBuildPhase;
			buildActionMask = 2147483647;
			files = (
			);
			inputPaths = (
			);
			name = "Check Pods Manifest.lock";
			outputPaths = (
			);
			runOnlyForDeploymentPostprocessing = 0;
			shellPath = /bin/sh;
			shellScript = "diff \"${PODS_ROOT}/../Podfile.lock\" \"${PODS_ROOT}/Manifest.lock\" > /dev/null\nif [[ $? != 0 ]] ; then\n    cat << EOM\nerror: The sandbox is not in sync with the Podfile.lock. Run 'pod install' or update your CocoaPods installation.\nEOM\n    exit 1\nfi\n";
			showEnvVarsInLog = 0;
		};
/* End PBXShellScriptBuildPhase section */

/* Begin PBXSourcesBuildPhase section */
		F5CAD14E1D0112BF00E7E482 /* Sources */ = {
			isa = PBXSourcesBuildPhase;
			buildActionMask = 2147483647;
			files = (
				F5935E371D0161E8008622D4 /* NSString+Validation.m in Sources */,
				F503E9CC1D051A7B001CB721 /* NetWork+BodyAndCookie.m in Sources */,
				F5935E341D015F06008622D4 /* UIImagePickerController+PublishMethods.m in Sources */,
				F5935DCA1D011B39008622D4 /* BaseViewController.m in Sources */,
				F5935DCD1D011B50008622D4 /* BaseView.m in Sources */,
				F5B2A7B91D0D67EB00479C1F /* SearchTableViewCell.m in Sources */,
				F5935E411D0165AE008622D4 /* AppDelegate.m in Sources */,
				F5B879AF1D0807E7000798E0 /* ButtonView.m in Sources */,
				F5FA47EE1D03E01D0083D5FE /* ClassficationDetailCollectionViewCell.m in Sources */,
				F5935E571D028B0D008622D4 /* NetWork.m in Sources */,
				F55555EB1D0F9697009D5527 /* PersonalViewController.m in Sources */,
				F5244EA01D0CEF0A0028B427 /* UITabBar+badge.m in Sources */,
				F5B2A7A71D0D4EBF00479C1F /* LBXScanVideoZoomView.m in Sources */,
				F5CAD1571D0112BF00E7E482 /* main.m in Sources */,
				F5E0709B1D02DED5006D467A /* HometableHeadView.m in Sources */,
				F5FA47F41D03E01D0083D5FE /* ClassficationMenuTableViewCell.m in Sources */,
				F5935E0C1D0130E8008622D4 /* NetWorkType.m in Sources */,
				F5B879971D06D61C000798E0 /* ShoppingCartTableViewCell.m in Sources */,
				F5FA48151D03F7680083D5FE /* FoundCollectionViewCell.m in Sources */,
				F5FA47F01D03E01D0083D5FE /* ClassficationHeadCollectionReusableView.m in Sources */,
				F55555E41D0F9671009D5527 /* PersonalCollectionViewCell.m in Sources */,
				F5B8799C1D06D68E000798E0 /* ShoppingButtonView.m in Sources */,
				F55555EF1D0F96DB009D5527 /* FoundViewController.m in Sources */,
				F5E699AA1D055AB8007F0298 /* ShopPingCart.m in Sources */,
				F5DB3D5B1D02B633001A64D0 /* ClassificationViewController.m in Sources */,
				F5935E071D013005008622D4 /* HUDManager.m in Sources */,
				F55555F31D0F9707009D5527 /* ShoppingViewController.m in Sources */,
				F5DB3D4F1D02B23A001A64D0 /* RegisterViewController.m in Sources */,
				F5DB3D4B1D02B0CC001A64D0 /* LoginViewController.m in Sources */,
				F5B2A7B71D0D67EB00479C1F /* SearchViewController.m in Sources */,
				F5935E3A1D016371008622D4 /* NSString+Calculate.m in Sources */,
				F5E070991D02DED5006D467A /* HomeTableViewCell.m in Sources */,
				F5FA48101D03F6A30083D5FE /* FoundTableViewCell.m in Sources */,
				F5E699B81D056ED7007F0298 /* UINavigationBar+Awesome.m in Sources */,
				F5FA47F21D03E01D0083D5FE /* ClassfiactionHeadTypeImageCollectionReusableView.m in Sources */,
				F55555E61D0F9671009D5527 /* PersonalHeadCollectionReusableView.m in Sources */,
				F5B2A79D1D0D499600479C1F /* SubLBXScanViewController.m in Sources */,
				F5B879AB1D07C75D000798E0 /* BaseModel.m in Sources */,
				F5B879A71D07C3EE000798E0 /* GoodsDetialViewController.m in Sources */,
				F55555F71D0F9BBC009D5527 /* HomeViewController.m in Sources */,
				F5B879A21D07C186000798E0 /* ShoppingModel.m in Sources */,
				F5E6999F1D054994007F0298 /* ClassificationTitleView.m in Sources */,
				F5B2A7A11D0D4D2900479C1F /* ScanResultViewController.m in Sources */,
				F5935E421D0165AE008622D4 /* AppDelegate+PrivateMethods.m in Sources */,
			);
			runOnlyForDeploymentPostprocessing = 0;
		};
		F5CAD1671D0112BF00E7E482 /* Sources */ = {
			isa = PBXSourcesBuildPhase;
			buildActionMask = 2147483647;
			files = (
			);
			runOnlyForDeploymentPostprocessing = 0;
		};
/* End PBXSourcesBuildPhase section */

/* Begin PBXTargetDependency section */
		F5CAD16D1D0112BF00E7E482 /* PBXTargetDependency */ = {
			isa = PBXTargetDependency;
			target = F5CAD1511D0112BF00E7E482 /* TheProjectFrameWork */;
			targetProxy = F5CAD16C1D0112BF00E7E482 /* PBXContainerItemProxy */;
		};
/* End PBXTargetDependency section */

/* Begin PBXVariantGroup section */
		F5935DD61D011EC0008622D4 /* Home.storyboard */ = {
			isa = PBXVariantGroup;
			children = (
				F5935DD71D011EC0008622D4 /* Base */,
			);
			name = Home.storyboard;
			sourceTree = "<group>";
		};
		F5935DD91D011EF5008622D4 /* LaunchScreen.storyboard */ = {
			isa = PBXVariantGroup;
			children = (
				F5935DDA1D011EF5008622D4 /* Base */,
			);
			name = LaunchScreen.storyboard;
			sourceTree = "<group>";
		};
		F5935DDF1D011F0B008622D4 /* Personal.storyboard */ = {
			isa = PBXVariantGroup;
			children = (
				F5935DE01D011F0B008622D4 /* Base */,
			);
			name = Personal.storyboard;
			sourceTree = "<group>";
		};
		F5935DE21D011F2D008622D4 /* ShoppingCart.storyboard */ = {
			isa = PBXVariantGroup;
			children = (
				F5935DE31D011F2D008622D4 /* Base */,
			);
			name = ShoppingCart.storyboard;
			sourceTree = "<group>";
		};
		F5935DF01D0125BB008622D4 /* Login.storyboard */ = {
			isa = PBXVariantGroup;
			children = (
				F5935DF11D0125BB008622D4 /* Base */,
			);
			name = Login.storyboard;
			sourceTree = "<group>";
		};
		F5935E291D0151E8008622D4 /* Found.storyboard */ = {
			isa = PBXVariantGroup;
			children = (
				F5935E2A1D0151E8008622D4 /* Base */,
			);
			name = Found.storyboard;
			sourceTree = "<group>";
		};
		F5935E2C1D015206008622D4 /* Classification.storyboard */ = {
			isa = PBXVariantGroup;
			children = (
				F5935E2D1D015206008622D4 /* Base */,
			);
			name = Classification.storyboard;
			sourceTree = "<group>";
		};
/* End PBXVariantGroup section */

/* Begin XCBuildConfiguration section */
		F5CAD1721D0112BF00E7E482 /* Debug */ = {
			isa = XCBuildConfiguration;
			buildSettings = {
				ALWAYS_SEARCH_USER_PATHS = NO;
				CLANG_CXX_LANGUAGE_STANDARD = "gnu++0x";
				CLANG_CXX_LIBRARY = "libc++";
				CLANG_ENABLE_MODULES = YES;
				CLANG_ENABLE_OBJC_ARC = YES;
				CLANG_WARN_BOOL_CONVERSION = YES;
				CLANG_WARN_CONSTANT_CONVERSION = YES;
				CLANG_WARN_DIRECT_OBJC_ISA_USAGE = YES_ERROR;
				CLANG_WARN_EMPTY_BODY = YES;
				CLANG_WARN_ENUM_CONVERSION = YES;
				CLANG_WARN_INT_CONVERSION = YES;
				CLANG_WARN_OBJC_ROOT_CLASS = YES_ERROR;
				CLANG_WARN_UNREACHABLE_CODE = YES;
				CLANG_WARN__DUPLICATE_METHOD_MATCH = YES;
				"CODE_SIGN_IDENTITY[sdk=iphoneos*]" = "iPhone Developer";
				COPY_PHASE_STRIP = NO;
				DEBUG_INFORMATION_FORMAT = dwarf;
				ENABLE_STRICT_OBJC_MSGSEND = YES;
				ENABLE_TESTABILITY = YES;
				GCC_C_LANGUAGE_STANDARD = gnu99;
				GCC_DYNAMIC_NO_PIC = NO;
				GCC_NO_COMMON_BLOCKS = YES;
				GCC_OPTIMIZATION_LEVEL = 0;
				GCC_PREFIX_HEADER = TheProjectFrameWork/ProjectShopping.pch;
				GCC_PREPROCESSOR_DEFINITIONS = (
					"DEBUG=1",
					"$(inherited)",
				);
				GCC_WARN_64_TO_32_BIT_CONVERSION = YES;
				GCC_WARN_ABOUT_RETURN_TYPE = YES_ERROR;
				GCC_WARN_UNDECLARED_SELECTOR = YES;
				GCC_WARN_UNINITIALIZED_AUTOS = YES_AGGRESSIVE;
				GCC_WARN_UNUSED_FUNCTION = YES;
				GCC_WARN_UNUSED_VARIABLE = YES;
				IPHONEOS_DEPLOYMENT_TARGET = 9.2;
				MTL_ENABLE_DEBUG_INFO = YES;
				ONLY_ACTIVE_ARCH = YES;
				SDKROOT = iphoneos;
				TARGETED_DEVICE_FAMILY = "1,2";
			};
			name = Debug;
		};
		F5CAD1731D0112BF00E7E482 /* Release */ = {
			isa = XCBuildConfiguration;
			buildSettings = {
				ALWAYS_SEARCH_USER_PATHS = NO;
				CLANG_CXX_LANGUAGE_STANDARD = "gnu++0x";
				CLANG_CXX_LIBRARY = "libc++";
				CLANG_ENABLE_MODULES = YES;
				CLANG_ENABLE_OBJC_ARC = YES;
				CLANG_WARN_BOOL_CONVERSION = YES;
				CLANG_WARN_CONSTANT_CONVERSION = YES;
				CLANG_WARN_DIRECT_OBJC_ISA_USAGE = YES_ERROR;
				CLANG_WARN_EMPTY_BODY = YES;
				CLANG_WARN_ENUM_CONVERSION = YES;
				CLANG_WARN_INT_CONVERSION = YES;
				CLANG_WARN_OBJC_ROOT_CLASS = YES_ERROR;
				CLANG_WARN_UNREACHABLE_CODE = YES;
				CLANG_WARN__DUPLICATE_METHOD_MATCH = YES;
				"CODE_SIGN_IDENTITY[sdk=iphoneos*]" = "iPhone Developer";
				COPY_PHASE_STRIP = NO;
				DEBUG_INFORMATION_FORMAT = "dwarf-with-dsym";
				ENABLE_NS_ASSERTIONS = NO;
				ENABLE_STRICT_OBJC_MSGSEND = YES;
				GCC_C_LANGUAGE_STANDARD = gnu99;
				GCC_NO_COMMON_BLOCKS = YES;
				GCC_PREFIX_HEADER = TheProjectFrameWork/ProjectShopping.pch;
				GCC_WARN_64_TO_32_BIT_CONVERSION = YES;
				GCC_WARN_ABOUT_RETURN_TYPE = YES_ERROR;
				GCC_WARN_UNDECLARED_SELECTOR = YES;
				GCC_WARN_UNINITIALIZED_AUTOS = YES_AGGRESSIVE;
				GCC_WARN_UNUSED_FUNCTION = YES;
				GCC_WARN_UNUSED_VARIABLE = YES;
				IPHONEOS_DEPLOYMENT_TARGET = 9.2;
				MTL_ENABLE_DEBUG_INFO = NO;
				SDKROOT = iphoneos;
				TARGETED_DEVICE_FAMILY = "1,2";
				VALIDATE_PRODUCT = YES;
			};
			name = Release;
		};
		F5CAD1751D0112BF00E7E482 /* Debug */ = {
			isa = XCBuildConfiguration;
			baseConfigurationReference = 6458B3BE86A1BEB7A2E095CE /* Pods.debug.xcconfig */;
			buildSettings = {
				ASSETCATALOG_COMPILER_APPICON_NAME = AppIcon;
				INFOPLIST_FILE = TheProjectFrameWork/Info.plist;
				LD_RUNPATH_SEARCH_PATHS = "$(inherited) @executable_path/Frameworks";
				PRODUCT_BUNDLE_IDENTIFIER = com.oschina.TheProjectFrameWork;
				PRODUCT_NAME = "$(TARGET_NAME)";
			};
			name = Debug;
		};
		F5CAD1761D0112BF00E7E482 /* Release */ = {
			isa = XCBuildConfiguration;
			baseConfigurationReference = 15D6FA724434788B8FDB107F /* Pods.release.xcconfig */;
			buildSettings = {
				ASSETCATALOG_COMPILER_APPICON_NAME = AppIcon;
				INFOPLIST_FILE = TheProjectFrameWork/Info.plist;
				LD_RUNPATH_SEARCH_PATHS = "$(inherited) @executable_path/Frameworks";
				PRODUCT_BUNDLE_IDENTIFIER = com.oschina.TheProjectFrameWork;
				PRODUCT_NAME = "$(TARGET_NAME)";
			};
			name = Release;
		};
		F5CAD1781D0112BF00E7E482 /* Debug */ = {
			isa = XCBuildConfiguration;
			buildSettings = {
				INFOPLIST_FILE = TheProjectFrameWorkUITests/Info.plist;
				LD_RUNPATH_SEARCH_PATHS = "$(inherited) @executable_path/Frameworks @loader_path/Frameworks";
				PRODUCT_BUNDLE_IDENTIFIER = com.oschina.TheProjectFrameWorkUITests;
				PRODUCT_NAME = "$(TARGET_NAME)";
				TEST_TARGET_NAME = TheProjectFrameWork;
				USES_XCTRUNNER = YES;
			};
			name = Debug;
		};
		F5CAD1791D0112BF00E7E482 /* Release */ = {
			isa = XCBuildConfiguration;
			buildSettings = {
				INFOPLIST_FILE = TheProjectFrameWorkUITests/Info.plist;
				LD_RUNPATH_SEARCH_PATHS = "$(inherited) @executable_path/Frameworks @loader_path/Frameworks";
				PRODUCT_BUNDLE_IDENTIFIER = com.oschina.TheProjectFrameWorkUITests;
				PRODUCT_NAME = "$(TARGET_NAME)";
				TEST_TARGET_NAME = TheProjectFrameWork;
				USES_XCTRUNNER = YES;
			};
			name = Release;
		};
/* End XCBuildConfiguration section */

/* Begin XCConfigurationList section */
		F5CAD14D1D0112BF00E7E482 /* Build configuration list for PBXProject "TheProjectFrameWork" */ = {
			isa = XCConfigurationList;
			buildConfigurations = (
				F5CAD1721D0112BF00E7E482 /* Debug */,
				F5CAD1731D0112BF00E7E482 /* Release */,
			);
			defaultConfigurationIsVisible = 0;
			defaultConfigurationName = Release;
		};
		F5CAD1741D0112BF00E7E482 /* Build configuration list for PBXNativeTarget "TheProjectFrameWork" */ = {
			isa = XCConfigurationList;
			buildConfigurations = (
				F5CAD1751D0112BF00E7E482 /* Debug */,
				F5CAD1761D0112BF00E7E482 /* Release */,
			);
			defaultConfigurationIsVisible = 0;
			defaultConfigurationName = Release;
		};
		F5CAD1771D0112BF00E7E482 /* Build configuration list for PBXNativeTarget "TheProjectFrameWorkUITests" */ = {
			isa = XCConfigurationList;
			buildConfigurations = (
				F5CAD1781D0112BF00E7E482 /* Debug */,
				F5CAD1791D0112BF00E7E482 /* Release */,
			);
			defaultConfigurationIsVisible = 0;
			defaultConfigurationName = Release;
		};
/* End XCConfigurationList section */
	};
	rootObject = F5CAD14A1D0112BF00E7E482 /* Project object */;
}
